<?xml version="1.0" encoding="UTF-8"?>
<!DOCTYPE plist PUBLIC "-//Apple//DTD PLIST 1.0//EN" "http://www.apple.com/DTDs/PropertyList-1.0.dtd">
<plist version="1.0">
<dict>
	<key>archiveVersion</key>
	<string>1</string>
	<key>classes</key>
	<dict/>
	<key>objectVersion</key>
	<string>46</string>
	<key>objects</key>
	<dict>
		<key>2435A98B1753E12121B5FA93</key>
		<dict>
			<key>includeInIndex</key>
			<string>1</string>
			<key>isa</key>
			<string>PBXFileReference</string>
			<key>lastKnownFileType</key>
			<string>text.xcconfig</string>
			<key>name</key>
			<string>Pods-DhammaTube.debug.xcconfig</string>
			<key>path</key>
			<string>Pods/Target Support Files/Pods-DhammaTube/Pods-DhammaTube.debug.xcconfig</string>
			<key>sourceTree</key>
			<string>&lt;group&gt;</string>
		</dict>
		<key>2B8562171A50A40600BFAA1B</key>
		<dict>
			<key>isa</key>
			<string>PBXFileReference</string>
			<key>lastKnownFileType</key>
			<string>text.plist.xml</string>
			<key>name</key>
			<string>DhammaTube copy-Info.plist</string>
			<key>path</key>
			<string>/Users/qimu/dev/DhammaTube/DhammaTube copy-Info.plist</string>
			<key>sourceTree</key>
			<string>&lt;absolute&gt;</string>
		</dict>
		<key>2B8562A81A50A60B00BFAA1B</key>
		<dict>
			<key>buildActionMask</key>
			<string>2147483647</string>
			<key>files</key>
			<array>
				<string>2B8562B71A50A60C00BFAA1B</string>
				<string>2B8562B41A50A60C00BFAA1B</string>
				<string>2B8562BA1A50A60C00BFAA1B</string>
				<string>2B8562B11A50A60C00BFAA1B</string>
			</array>
			<key>isa</key>
			<string>PBXSourcesBuildPhase</string>
			<key>runOnlyForDeploymentPostprocessing</key>
			<string>0</string>
		</dict>
		<key>2B8562A91A50A60B00BFAA1B</key>
		<dict>
			<key>buildActionMask</key>
			<string>2147483647</string>
			<key>files</key>
			<array>
				<string>94616A9BF7F9505EA993B9AF</string>
			</array>
			<key>isa</key>
			<string>PBXFrameworksBuildPhase</string>
			<key>runOnlyForDeploymentPostprocessing</key>
			<string>0</string>
		</dict>
		<key>2B8562AA1A50A60B00BFAA1B</key>
		<dict>
			<key>buildActionMask</key>
			<string>2147483647</string>
			<key>files</key>
			<array>
				<string>2B8562BD1A50A60C00BFAA1B</string>
				<string>2B8562C21A50A60C00BFAA1B</string>
				<string>2B8562BF1A50A60C00BFAA1B</string>
			</array>
			<key>isa</key>
			<string>PBXResourcesBuildPhase</string>
			<key>runOnlyForDeploymentPostprocessing</key>
			<string>0</string>
		</dict>
		<key>2B8562AB1A50A60B00BFAA1B</key>
		<dict>
			<key>buildConfigurationList</key>
			<string>2B8562D31A50A60C00BFAA1B</string>
			<key>buildPhases</key>
			<array>
				<string>A5A9817996F40C6D329FE9D5</string>
				<string>2B8562A81A50A60B00BFAA1B</string>
				<string>2B8562A91A50A60B00BFAA1B</string>
				<string>2B8562AA1A50A60B00BFAA1B</string>
				<string>BB30C18EBCB02AF062B7C809</string>
			</array>
			<key>buildRules</key>
			<array/>
			<key>dependencies</key>
			<array/>
			<key>isa</key>
			<string>PBXNativeTarget</string>
			<key>name</key>
			<string>DhammaTube</string>
			<key>productName</key>
			<string>DhammaTube</string>
			<key>productReference</key>
			<string>2B8562AC1A50A60B00BFAA1B</string>
			<key>productType</key>
			<string>com.apple.product-type.application</string>
		</dict>
		<key>2B8562AC1A50A60B00BFAA1B</key>
		<dict>
			<key>explicitFileType</key>
			<string>wrapper.application</string>
			<key>includeInIndex</key>
			<string>0</string>
			<key>isa</key>
			<string>PBXFileReference</string>
			<key>path</key>
			<string>DhammaTube.app</string>
			<key>sourceTree</key>
			<string>BUILT_PRODUCTS_DIR</string>
		</dict>
		<key>2B8562AD1A50A60C00BFAA1B</key>
		<dict>
			<key>children</key>
			<array>
				<string>2B8562B21A50A60C00BFAA1B</string>
				<string>2B8562B31A50A60C00BFAA1B</string>
				<string>2B8562B81A50A60C00BFAA1B</string>
				<string>2B8562B91A50A60C00BFAA1B</string>
				<string>2B8562BB1A50A60C00BFAA1B</string>
				<string>2B8562BE1A50A60C00BFAA1B</string>
				<string>2B8562C01A50A60C00BFAA1B</string>
				<string>2B8562B51A50A60C00BFAA1B</string>
				<string>2B8562AE1A50A60C00BFAA1B</string>
			</array>
			<key>isa</key>
			<string>PBXGroup</string>
			<key>path</key>
			<string>DhammaTube</string>
			<key>sourceTree</key>
			<string>&lt;group&gt;</string>
		</dict>
		<key>2B8562AE1A50A60C00BFAA1B</key>
		<dict>
			<key>children</key>
			<array>
				<string>2B8562AF1A50A60C00BFAA1B</string>
				<string>2B8562B01A50A60C00BFAA1B</string>
			</array>
			<key>isa</key>
			<string>PBXGroup</string>
			<key>name</key>
			<string>Supporting Files</string>
			<key>sourceTree</key>
			<string>&lt;group&gt;</string>
		</dict>
		<key>2B8562AF1A50A60C00BFAA1B</key>
		<dict>
			<key>isa</key>
			<string>PBXFileReference</string>
			<key>lastKnownFileType</key>
			<string>text.plist.xml</string>
			<key>path</key>
			<string>Info.plist</string>
			<key>sourceTree</key>
			<string>&lt;group&gt;</string>
		</dict>
		<key>2B8562B01A50A60C00BFAA1B</key>
		<dict>
			<key>isa</key>
			<string>PBXFileReference</string>
			<key>lastKnownFileType</key>
			<string>sourcecode.c.objc</string>
			<key>path</key>
			<string>main.m</string>
			<key>sourceTree</key>
			<string>&lt;group&gt;</string>
		</dict>
		<key>2B8562B11A50A60C00BFAA1B</key>
		<dict>
			<key>fileRef</key>
			<string>2B8562B01A50A60C00BFAA1B</string>
			<key>isa</key>
			<string>PBXBuildFile</string>
		</dict>
		<key>2B8562B21A50A60C00BFAA1B</key>
		<dict>
			<key>isa</key>
			<string>PBXFileReference</string>
			<key>lastKnownFileType</key>
			<string>sourcecode.c.h</string>
			<key>path</key>
			<string>AppDelegate.h</string>
			<key>sourceTree</key>
			<string>&lt;group&gt;</string>
		</dict>
		<key>2B8562B31A50A60C00BFAA1B</key>
		<dict>
			<key>isa</key>
			<string>PBXFileReference</string>
			<key>lastKnownFileType</key>
			<string>sourcecode.c.objc</string>
			<key>path</key>
			<string>AppDelegate.m</string>
			<key>sourceTree</key>
			<string>&lt;group&gt;</string>
		</dict>
		<key>2B8562B41A50A60C00BFAA1B</key>
		<dict>
			<key>fileRef</key>
			<string>2B8562B31A50A60C00BFAA1B</string>
			<key>isa</key>
			<string>PBXBuildFile</string>
		</dict>
		<key>2B8562B51A50A60C00BFAA1B</key>
		<dict>
			<key>children</key>
			<array>
				<string>2B8562B61A50A60C00BFAA1B</string>
			</array>
			<key>currentVersion</key>
			<string>2B8562B61A50A60C00BFAA1B</string>
			<key>isa</key>
			<string>XCVersionGroup</string>
			<key>path</key>
			<string>DhammaTube.xcdatamodeld</string>
			<key>sourceTree</key>
			<string>&lt;group&gt;</string>
			<key>versionGroupType</key>
			<string>wrapper.xcdatamodel</string>
		</dict>
		<key>2B8562B61A50A60C00BFAA1B</key>
		<dict>
			<key>isa</key>
			<string>PBXFileReference</string>
			<key>lastKnownFileType</key>
			<string>wrapper.xcdatamodel</string>
			<key>path</key>
			<string>DhammaTube.xcdatamodel</string>
			<key>sourceTree</key>
			<string>&lt;group&gt;</string>
		</dict>
		<key>2B8562B71A50A60C00BFAA1B</key>
		<dict>
			<key>fileRef</key>
			<string>2B8562B51A50A60C00BFAA1B</string>
			<key>isa</key>
			<string>PBXBuildFile</string>
		</dict>
		<key>2B8562B81A50A60C00BFAA1B</key>
		<dict>
			<key>isa</key>
			<string>PBXFileReference</string>
			<key>lastKnownFileType</key>
			<string>sourcecode.c.h</string>
			<key>path</key>
			<string>ViewController.h</string>
			<key>sourceTree</key>
			<string>&lt;group&gt;</string>
		</dict>
		<key>2B8562B91A50A60C00BFAA1B</key>
		<dict>
			<key>isa</key>
			<string>PBXFileReference</string>
			<key>lastKnownFileType</key>
			<string>sourcecode.c.objc</string>
			<key>path</key>
			<string>ViewController.m</string>
			<key>sourceTree</key>
			<string>&lt;group&gt;</string>
		</dict>
		<key>2B8562BA1A50A60C00BFAA1B</key>
		<dict>
			<key>fileRef</key>
			<string>2B8562B91A50A60C00BFAA1B</string>
			<key>isa</key>
			<string>PBXBuildFile</string>
		</dict>
		<key>2B8562BB1A50A60C00BFAA1B</key>
		<dict>
			<key>children</key>
			<array>
				<string>2B8562BC1A50A60C00BFAA1B</string>
			</array>
			<key>isa</key>
			<string>PBXVariantGroup</string>
			<key>name</key>
			<string>Main.storyboard</string>
			<key>sourceTree</key>
			<string>&lt;group&gt;</string>
		</dict>
		<key>2B8562BC1A50A60C00BFAA1B</key>
		<dict>
			<key>isa</key>
			<string>PBXFileReference</string>
			<key>lastKnownFileType</key>
			<string>file.storyboard</string>
			<key>name</key>
			<string>Base</string>
			<key>path</key>
			<string>Base.lproj/Main.storyboard</string>
			<key>sourceTree</key>
			<string>&lt;group&gt;</string>
		</dict>
		<key>2B8562BD1A50A60C00BFAA1B</key>
		<dict>
			<key>fileRef</key>
			<string>2B8562BB1A50A60C00BFAA1B</string>
			<key>isa</key>
			<string>PBXBuildFile</string>
		</dict>
		<key>2B8562BE1A50A60C00BFAA1B</key>
		<dict>
			<key>isa</key>
			<string>PBXFileReference</string>
			<key>lastKnownFileType</key>
			<string>folder.assetcatalog</string>
			<key>path</key>
			<string>Images.xcassets</string>
			<key>sourceTree</key>
			<string>&lt;group&gt;</string>
		</dict>
		<key>2B8562BF1A50A60C00BFAA1B</key>
		<dict>
			<key>fileRef</key>
			<string>2B8562BE1A50A60C00BFAA1B</string>
			<key>isa</key>
			<string>PBXBuildFile</string>
		</dict>
		<key>2B8562C01A50A60C00BFAA1B</key>
		<dict>
			<key>children</key>
			<array>
				<string>2B8562C11A50A60C00BFAA1B</string>
			</array>
			<key>isa</key>
			<string>PBXVariantGroup</string>
			<key>name</key>
			<string>LaunchScreen.xib</string>
			<key>sourceTree</key>
			<string>&lt;group&gt;</string>
		</dict>
		<key>2B8562C11A50A60C00BFAA1B</key>
		<dict>
			<key>isa</key>
			<string>PBXFileReference</string>
			<key>lastKnownFileType</key>
			<string>file.xib</string>
			<key>name</key>
			<string>Base</string>
			<key>path</key>
			<string>Base.lproj/LaunchScreen.xib</string>
			<key>sourceTree</key>
			<string>&lt;group&gt;</string>
		</dict>
		<key>2B8562C21A50A60C00BFAA1B</key>
		<dict>
			<key>fileRef</key>
			<string>2B8562C01A50A60C00BFAA1B</string>
			<key>isa</key>
			<string>PBXBuildFile</string>
		</dict>
		<key>2B8562C31A50A60C00BFAA1B</key>
		<dict>
			<key>buildActionMask</key>
			<string>2147483647</string>
			<key>files</key>
			<array>
				<string>2B8562CE1A50A60C00BFAA1B</string>
			</array>
			<key>isa</key>
			<string>PBXSourcesBuildPhase</string>
			<key>runOnlyForDeploymentPostprocessing</key>
			<string>0</string>
		</dict>
		<key>2B8562C41A50A60C00BFAA1B</key>
		<dict>
			<key>buildActionMask</key>
			<string>2147483647</string>
			<key>files</key>
			<array/>
			<key>isa</key>
			<string>PBXFrameworksBuildPhase</string>
			<key>runOnlyForDeploymentPostprocessing</key>
			<string>0</string>
		</dict>
		<key>2B8562C51A50A60C00BFAA1B</key>
		<dict>
			<key>buildActionMask</key>
			<string>2147483647</string>
			<key>files</key>
			<array/>
			<key>isa</key>
			<string>PBXResourcesBuildPhase</string>
			<key>runOnlyForDeploymentPostprocessing</key>
			<string>0</string>
		</dict>
		<key>2B8562C61A50A60C00BFAA1B</key>
		<dict>
			<key>buildConfigurationList</key>
			<string>2B8562D41A50A60C00BFAA1B</string>
			<key>buildPhases</key>
			<array>
				<string>2B8562C31A50A60C00BFAA1B</string>
				<string>2B8562C41A50A60C00BFAA1B</string>
				<string>2B8562C51A50A60C00BFAA1B</string>
			</array>
			<key>buildRules</key>
			<array/>
			<key>dependencies</key>
			<array>
				<string>2B8562C91A50A60C00BFAA1B</string>
			</array>
			<key>isa</key>
			<string>PBXNativeTarget</string>
			<key>name</key>
			<string>DhammaTubeTests</string>
			<key>productName</key>
			<string>DhammaTubeTests</string>
			<key>productReference</key>
			<string>2B8562C71A50A60C00BFAA1B</string>
			<key>productType</key>
			<string>com.apple.product-type.bundle.unit-test</string>
		</dict>
		<key>2B8562C71A50A60C00BFAA1B</key>
		<dict>
			<key>explicitFileType</key>
			<string>wrapper.cfbundle</string>
			<key>includeInIndex</key>
			<string>0</string>
			<key>isa</key>
			<string>PBXFileReference</string>
			<key>path</key>
			<string>DhammaTubeTests.xctest</string>
			<key>sourceTree</key>
			<string>BUILT_PRODUCTS_DIR</string>
		</dict>
		<key>2B8562C81A50A60C00BFAA1B</key>
		<dict>
			<key>containerPortal</key>
			<string>2BBF8A881A4E356400012472</string>
			<key>isa</key>
			<string>PBXContainerItemProxy</string>
			<key>proxyType</key>
			<string>1</string>
			<key>remoteGlobalIDString</key>
			<string>2B8562AB1A50A60B00BFAA1B</string>
			<key>remoteInfo</key>
			<string>DhammaTube</string>
		</dict>
		<key>2B8562C91A50A60C00BFAA1B</key>
		<dict>
			<key>isa</key>
			<string>PBXTargetDependency</string>
			<key>target</key>
			<string>2B8562AB1A50A60B00BFAA1B</string>
			<key>targetProxy</key>
			<string>2B8562C81A50A60C00BFAA1B</string>
		</dict>
		<key>2B8562CA1A50A60C00BFAA1B</key>
		<dict>
			<key>children</key>
			<array>
				<string>2B8562CD1A50A60C00BFAA1B</string>
				<string>2B8562CB1A50A60C00BFAA1B</string>
			</array>
			<key>isa</key>
			<string>PBXGroup</string>
			<key>path</key>
			<string>DhammaTubeTests</string>
			<key>sourceTree</key>
			<string>&lt;group&gt;</string>
		</dict>
		<key>2B8562CB1A50A60C00BFAA1B</key>
		<dict>
			<key>children</key>
			<array>
				<string>2B8562CC1A50A60C00BFAA1B</string>
			</array>
			<key>isa</key>
			<string>PBXGroup</string>
			<key>name</key>
			<string>Supporting Files</string>
			<key>sourceTree</key>
			<string>&lt;group&gt;</string>
		</dict>
		<key>2B8562CC1A50A60C00BFAA1B</key>
		<dict>
			<key>isa</key>
			<string>PBXFileReference</string>
			<key>lastKnownFileType</key>
			<string>text.plist.xml</string>
			<key>path</key>
			<string>Info.plist</string>
			<key>sourceTree</key>
			<string>&lt;group&gt;</string>
		</dict>
		<key>2B8562CD1A50A60C00BFAA1B</key>
		<dict>
			<key>isa</key>
			<string>PBXFileReference</string>
			<key>lastKnownFileType</key>
			<string>sourcecode.c.objc</string>
			<key>path</key>
			<string>DhammaTubeTests.m</string>
			<key>sourceTree</key>
			<string>&lt;group&gt;</string>
		</dict>
		<key>2B8562CE1A50A60C00BFAA1B</key>
		<dict>
			<key>fileRef</key>
			<string>2B8562CD1A50A60C00BFAA1B</string>
			<key>isa</key>
			<string>PBXBuildFile</string>
		</dict>
		<key>2B8562CF1A50A60C00BFAA1B</key>
		<dict>
			<key>baseConfigurationReference</key>
			<string>2435A98B1753E12121B5FA93</string>
			<key>buildSettings</key>
			<dict>
				<key>ASSETCATALOG_COMPILER_APPICON_NAME</key>
				<string>AppIcon</string>
				<key>GCC_PREPROCESSOR_DEFINITIONS</key>
				<array>
					<string>DEBUG=1</string>
					<string>$(inherited)</string>
				</array>
				<key>INFOPLIST_FILE</key>
				<string>DhammaTube/Info.plist</string>
				<key>LD_RUNPATH_SEARCH_PATHS</key>
				<string>$(inherited) @executable_path/Frameworks</string>
				<key>PRODUCT_NAME</key>
				<string>$(TARGET_NAME)</string>
			</dict>
			<key>isa</key>
			<string>XCBuildConfiguration</string>
			<key>name</key>
			<string>Debug</string>
		</dict>
		<key>2B8562D01A50A60C00BFAA1B</key>
		<dict>
			<key>baseConfigurationReference</key>
			<string>FFA394367738F1CA9EA4C853</string>
			<key>buildSettings</key>
			<dict>
				<key>ASSETCATALOG_COMPILER_APPICON_NAME</key>
				<string>AppIcon</string>
				<key>INFOPLIST_FILE</key>
				<string>DhammaTube/Info.plist</string>
				<key>LD_RUNPATH_SEARCH_PATHS</key>
				<string>$(inherited) @executable_path/Frameworks</string>
				<key>PRODUCT_NAME</key>
				<string>$(TARGET_NAME)</string>
			</dict>
			<key>isa</key>
			<string>XCBuildConfiguration</string>
			<key>name</key>
			<string>Release</string>
		</dict>
		<key>2B8562D11A50A60C00BFAA1B</key>
		<dict>
			<key>buildSettings</key>
			<dict>
				<key>BUNDLE_LOADER</key>
				<string>$(TEST_HOST)</string>
				<key>FRAMEWORK_SEARCH_PATHS</key>
				<array>
					<string>$(SDKROOT)/Developer/Library/Frameworks</string>
					<string>$(inherited)</string>
				</array>
				<key>GCC_PREPROCESSOR_DEFINITIONS</key>
				<array>
					<string>DEBUG=1</string>
					<string>$(inherited)</string>
				</array>
				<key>INFOPLIST_FILE</key>
				<string>DhammaTubeTests/Info.plist</string>
				<key>LD_RUNPATH_SEARCH_PATHS</key>
				<string>$(inherited) @executable_path/Frameworks @loader_path/Frameworks</string>
				<key>PRODUCT_NAME</key>
				<string>$(TARGET_NAME)</string>
				<key>TEST_HOST</key>
				<string>$(BUILT_PRODUCTS_DIR)/DhammaTube.app/DhammaTube</string>
			</dict>
			<key>isa</key>
			<string>XCBuildConfiguration</string>
			<key>name</key>
			<string>Debug</string>
		</dict>
		<key>2B8562D21A50A60C00BFAA1B</key>
		<dict>
			<key>buildSettings</key>
			<dict>
				<key>BUNDLE_LOADER</key>
				<string>$(TEST_HOST)</string>
				<key>FRAMEWORK_SEARCH_PATHS</key>
				<array>
					<string>$(SDKROOT)/Developer/Library/Frameworks</string>
					<string>$(inherited)</string>
				</array>
				<key>INFOPLIST_FILE</key>
				<string>DhammaTubeTests/Info.plist</string>
				<key>LD_RUNPATH_SEARCH_PATHS</key>
				<string>$(inherited) @executable_path/Frameworks @loader_path/Frameworks</string>
				<key>PRODUCT_NAME</key>
				<string>$(TARGET_NAME)</string>
				<key>TEST_HOST</key>
				<string>$(BUILT_PRODUCTS_DIR)/DhammaTube.app/DhammaTube</string>
			</dict>
			<key>isa</key>
			<string>XCBuildConfiguration</string>
			<key>name</key>
			<string>Release</string>
		</dict>
		<key>2B8562D31A50A60C00BFAA1B</key>
		<dict>
			<key>buildConfigurations</key>
			<array>
				<string>2B8562CF1A50A60C00BFAA1B</string>
				<string>2B8562D01A50A60C00BFAA1B</string>
			</array>
			<key>defaultConfigurationIsVisible</key>
			<string>0</string>
			<key>isa</key>
			<string>XCConfigurationList</string>
		</dict>
		<key>2B8562D41A50A60C00BFAA1B</key>
		<dict>
			<key>buildConfigurations</key>
			<array>
				<string>2B8562D11A50A60C00BFAA1B</string>
				<string>2B8562D21A50A60C00BFAA1B</string>
			</array>
			<key>defaultConfigurationIsVisible</key>
			<string>0</string>
			<key>isa</key>
			<string>XCConfigurationList</string>
		</dict>
		<key>2BB538561A4FED90005A0AA7</key>
		<dict>
			<key>isa</key>
			<string>PBXFileReference</string>
			<key>lastKnownFileType</key>
			<string>wrapper.framework</string>
			<key>name</key>
			<string>MobileCoreServices.framework</string>
			<key>path</key>
			<string>System/Library/Frameworks/MobileCoreServices.framework</string>
			<key>sourceTree</key>
			<string>SDKROOT</string>
		</dict>
		<key>2BB538591A4FFDD5005A0AA7</key>
		<dict>
			<key>children</key>
			<array>
				<string>2BBF8B821A4E8A6600012472</string>
				<string>2BBF8B831A4E8A6600012472</string>
			</array>
			<key>isa</key>
			<string>PBXGroup</string>
			<key>name</key>
			<string>Obselete</string>
			<key>sourceTree</key>
			<string>&lt;group&gt;</string>
		</dict>
		<key>2BB5385A1A500053005A0AA7</key>
		<dict>
			<key>fileEncoding</key>
			<string>4</string>
			<key>isa</key>
			<string>PBXFileReference</string>
			<key>lastKnownFileType</key>
			<string>sourcecode.c.h</string>
			<key>path</key>
			<string>MenuViewController.h</string>
			<key>sourceTree</key>
			<string>&lt;group&gt;</string>
		</dict>
		<key>2BB5385B1A500053005A0AA7</key>
		<dict>
			<key>fileEncoding</key>
			<string>4</string>
			<key>isa</key>
			<string>PBXFileReference</string>
			<key>lastKnownFileType</key>
			<string>sourcecode.c.objc</string>
			<key>path</key>
			<string>MenuViewController.m</string>
			<key>sourceTree</key>
			<string>&lt;group&gt;</string>
		</dict>
		<key>2BB5385E1A5014F0005A0AA7</key>
		<dict>
			<key>children</key>
			<array>
				<string>2BB538601A501538005A0AA7</string>
				<string>2BB5385F1A5014F9005A0AA7</string>
			</array>
			<key>isa</key>
			<string>PBXGroup</string>
			<key>name</key>
			<string>Nimbus</string>
			<key>sourceTree</key>
			<string>&lt;group&gt;</string>
		</dict>
		<key>2BB5385F1A5014F9005A0AA7</key>
		<dict>
			<key>children</key>
			<array>
				<string>2BB538C81A50176B005A0AA7</string>
				<string>2BB538C91A50176B005A0AA7</string>
				<string>2BB538CA1A50176B005A0AA7</string>
				<string>2BB538CB1A50176B005A0AA7</string>
				<string>2BB538CC1A50176B005A0AA7</string>
				<string>2BB538CD1A50176B005A0AA7</string>
				<string>2BB538CE1A50176B005A0AA7</string>
				<string>2BB538CF1A50176B005A0AA7</string>
				<string>2BB538D01A50176B005A0AA7</string>
				<string>2BB538D11A50176B005A0AA7</string>
				<string>2BB538D21A50176B005A0AA7</string>
				<string>2BB538D31A50176B005A0AA7</string>
				<string>2BB538D41A50176B005A0AA7</string>
				<string>2BB538D51A50176B005A0AA7</string>
				<string>2BB538D61A50176B005A0AA7</string>
				<string>2BB538D71A50176B005A0AA7</string>
				<string>2BB538D81A50176B005A0AA7</string>
				<string>2BB538D91A50176B005A0AA7</string>
				<string>2BB538DA1A50176B005A0AA7</string>
				<string>2BB538DB1A50176B005A0AA7</string>
				<string>2BB538DC1A50176B005A0AA7</string>
				<string>2BB538DD1A50176B005A0AA7</string>
				<string>2BB538DE1A50176B005A0AA7</string>
				<string>2BB538DF1A50176B005A0AA7</string>
				<string>2BB538E01A50176B005A0AA7</string>
				<string>2BB538E11A50176B005A0AA7</string>
				<string>2BB538E21A50176B005A0AA7</string>
				<string>2BB538E31A50176B005A0AA7</string>
				<string>2BB538E41A50176B005A0AA7</string>
				<string>2BB538E51A50176B005A0AA7</string>
				<string>2BB538E61A50176B005A0AA7</string>
				<string>2BB538E71A50176B005A0AA7</string>
				<string>2BB538E81A50176B005A0AA7</string>
				<string>2BB538E91A50176B005A0AA7</string>
				<string>2BB538EA1A50176B005A0AA7</string>
				<string>2BB538EB1A50176B005A0AA7</string>
				<string>2BB538EC1A50176B005A0AA7</string>
				<string>2BB538ED1A50176B005A0AA7</string>
				<string>2BB538EE1A50176B005A0AA7</string>
				<string>2BB538EF1A50176B005A0AA7</string>
				<string>2BB538F01A50176B005A0AA7</string>
				<string>2BB538F11A50176B005A0AA7</string>
				<string>2BB538F21A50176B005A0AA7</string>
				<string>2BB538F31A50176B005A0AA7</string>
				<string>2BB538F41A50176B005A0AA7</string>
				<string>2BB538F51A50176B005A0AA7</string>
				<string>2BB538F61A50176B005A0AA7</string>
				<string>2BB538F71A50176B005A0AA7</string>
				<string>2BB538F81A50176B005A0AA7</string>
			</array>
			<key>isa</key>
			<string>PBXGroup</string>
			<key>name</key>
			<string>Core</string>
			<key>sourceTree</key>
			<string>&lt;group&gt;</string>
		</dict>
		<key>2BB538601A501538005A0AA7</key>
		<dict>
			<key>children</key>
			<array>
				<string>2BB5390F1A501787005A0AA7</string>
				<string>2BB539101A501787005A0AA7</string>
				<string>2BB539111A501787005A0AA7</string>
				<string>2BB539121A501787005A0AA7</string>
				<string>2BB539131A501787005A0AA7</string>
				<string>2BB539141A501787005A0AA7</string>
				<string>2BB539151A501787005A0AA7</string>
				<string>2BB539161A501787005A0AA7</string>
				<string>2BB539171A501787005A0AA7</string>
				<string>2BB539181A501787005A0AA7</string>
				<string>2BB539191A501787005A0AA7</string>
				<string>2BB5391A1A501787005A0AA7</string>
				<string>2BB5391B1A501787005A0AA7</string>
				<string>2BB5391C1A501787005A0AA7</string>
				<string>2BB5391D1A501787005A0AA7</string>
				<string>2BB5391E1A501787005A0AA7</string>
				<string>2BB5391F1A501787005A0AA7</string>
				<string>2BB539201A501787005A0AA7</string>
				<string>2BB539211A501787005A0AA7</string>
				<string>2BB539221A501787005A0AA7</string>
				<string>2BB539231A501787005A0AA7</string>
				<string>2BB539241A501787005A0AA7</string>
			</array>
			<key>isa</key>
			<string>PBXGroup</string>
			<key>name</key>
			<string>Models</string>
			<key>sourceTree</key>
			<string>&lt;group&gt;</string>
		</dict>
		<key>2BB538C71A501653005A0AA7</key>
		<dict>
			<key>fileEncoding</key>
			<string>4</string>
			<key>isa</key>
			<string>PBXFileReference</string>
			<key>lastKnownFileType</key>
			<string>sourcecode.c.h</string>
			<key>path</key>
			<string>DhammaTube-Prefix.pch</string>
			<key>sourceTree</key>
			<string>&lt;group&gt;</string>
		</dict>
		<key>2BB538C81A50176B005A0AA7</key>
		<dict>
			<key>fileEncoding</key>
			<string>4</string>
			<key>isa</key>
			<string>PBXFileReference</string>
			<key>lastKnownFileType</key>
			<string>sourcecode.c.h</string>
			<key>name</key>
			<string>NIActions.h</string>
			<key>path</key>
			<string>../nimbus/src/core/src/NIActions.h</string>
			<key>sourceTree</key>
			<string>&lt;group&gt;</string>
		</dict>
		<key>2BB538C91A50176B005A0AA7</key>
		<dict>
			<key>fileEncoding</key>
			<string>4</string>
			<key>isa</key>
			<string>PBXFileReference</string>
			<key>lastKnownFileType</key>
			<string>sourcecode.c.objc</string>
			<key>name</key>
			<string>NIActions.m</string>
			<key>path</key>
			<string>../nimbus/src/core/src/NIActions.m</string>
			<key>sourceTree</key>
			<string>&lt;group&gt;</string>
		</dict>
		<key>2BB538CA1A50176B005A0AA7</key>
		<dict>
			<key>fileEncoding</key>
			<string>4</string>
			<key>isa</key>
			<string>PBXFileReference</string>
			<key>lastKnownFileType</key>
			<string>sourcecode.c.h</string>
			<key>name</key>
			<string>NIActions+Subclassing.h</string>
			<key>path</key>
			<string>../nimbus/src/core/src/NIActions+Subclassing.h</string>
			<key>sourceTree</key>
			<string>&lt;group&gt;</string>
		</dict>
		<key>2BB538CB1A50176B005A0AA7</key>
		<dict>
			<key>fileEncoding</key>
			<string>4</string>
			<key>isa</key>
			<string>PBXFileReference</string>
			<key>lastKnownFileType</key>
			<string>sourcecode.c.h</string>
			<key>name</key>
			<string>NIButtonUtilities.h</string>
			<key>path</key>
			<string>../nimbus/src/core/src/NIButtonUtilities.h</string>
			<key>sourceTree</key>
			<string>&lt;group&gt;</string>
		</dict>
		<key>2BB538CC1A50176B005A0AA7</key>
		<dict>
			<key>fileEncoding</key>
			<string>4</string>
			<key>isa</key>
			<string>PBXFileReference</string>
			<key>lastKnownFileType</key>
			<string>sourcecode.c.objc</string>
			<key>name</key>
			<string>NIButtonUtilities.m</string>
			<key>path</key>
			<string>../nimbus/src/core/src/NIButtonUtilities.m</string>
			<key>sourceTree</key>
			<string>&lt;group&gt;</string>
		</dict>
		<key>2BB538CD1A50176B005A0AA7</key>
		<dict>
			<key>fileEncoding</key>
			<string>4</string>
			<key>isa</key>
			<string>PBXFileReference</string>
			<key>lastKnownFileType</key>
			<string>sourcecode.c.h</string>
			<key>name</key>
			<string>NICommonMetrics.h</string>
			<key>path</key>
			<string>../nimbus/src/core/src/NICommonMetrics.h</string>
			<key>sourceTree</key>
			<string>&lt;group&gt;</string>
		</dict>
		<key>2BB538CE1A50176B005A0AA7</key>
		<dict>
			<key>fileEncoding</key>
			<string>4</string>
			<key>isa</key>
			<string>PBXFileReference</string>
			<key>lastKnownFileType</key>
			<string>sourcecode.c.objc</string>
			<key>name</key>
			<string>NICommonMetrics.m</string>
			<key>path</key>
			<string>../nimbus/src/core/src/NICommonMetrics.m</string>
			<key>sourceTree</key>
			<string>&lt;group&gt;</string>
		</dict>
		<key>2BB538CF1A50176B005A0AA7</key>
		<dict>
			<key>fileEncoding</key>
			<string>4</string>
			<key>isa</key>
			<string>PBXFileReference</string>
			<key>lastKnownFileType</key>
			<string>sourcecode.c.h</string>
			<key>name</key>
			<string>NIDataStructures.h</string>
			<key>path</key>
			<string>../nimbus/src/core/src/NIDataStructures.h</string>
			<key>sourceTree</key>
			<string>&lt;group&gt;</string>
		</dict>
		<key>2BB538D01A50176B005A0AA7</key>
		<dict>
			<key>fileEncoding</key>
			<string>4</string>
			<key>isa</key>
			<string>PBXFileReference</string>
			<key>lastKnownFileType</key>
			<string>sourcecode.c.objc</string>
			<key>name</key>
			<string>NIDataStructures.m</string>
			<key>path</key>
			<string>../nimbus/src/core/src/NIDataStructures.m</string>
			<key>sourceTree</key>
			<string>&lt;group&gt;</string>
		</dict>
		<key>2BB538D11A50176B005A0AA7</key>
		<dict>
			<key>fileEncoding</key>
			<string>4</string>
			<key>isa</key>
			<string>PBXFileReference</string>
			<key>lastKnownFileType</key>
			<string>sourcecode.c.h</string>
			<key>name</key>
			<string>NIDebuggingTools.h</string>
			<key>path</key>
			<string>../nimbus/src/core/src/NIDebuggingTools.h</string>
			<key>sourceTree</key>
			<string>&lt;group&gt;</string>
		</dict>
		<key>2BB538D21A50176B005A0AA7</key>
		<dict>
			<key>fileEncoding</key>
			<string>4</string>
			<key>isa</key>
			<string>PBXFileReference</string>
			<key>lastKnownFileType</key>
			<string>sourcecode.c.objc</string>
			<key>name</key>
			<string>NIDebuggingTools.m</string>
			<key>path</key>
			<string>../nimbus/src/core/src/NIDebuggingTools.m</string>
			<key>sourceTree</key>
			<string>&lt;group&gt;</string>
		</dict>
		<key>2BB538D31A50176B005A0AA7</key>
		<dict>
			<key>fileEncoding</key>
			<string>4</string>
			<key>isa</key>
			<string>PBXFileReference</string>
			<key>lastKnownFileType</key>
			<string>sourcecode.c.h</string>
			<key>name</key>
			<string>NIDeviceOrientation.h</string>
			<key>path</key>
			<string>../nimbus/src/core/src/NIDeviceOrientation.h</string>
			<key>sourceTree</key>
			<string>&lt;group&gt;</string>
		</dict>
		<key>2BB538D41A50176B005A0AA7</key>
		<dict>
			<key>fileEncoding</key>
			<string>4</string>
			<key>isa</key>
			<string>PBXFileReference</string>
			<key>lastKnownFileType</key>
			<string>sourcecode.c.objc</string>
			<key>name</key>
			<string>NIDeviceOrientation.m</string>
			<key>path</key>
			<string>../nimbus/src/core/src/NIDeviceOrientation.m</string>
			<key>sourceTree</key>
			<string>&lt;group&gt;</string>
		</dict>
		<key>2BB538D51A50176B005A0AA7</key>
		<dict>
			<key>fileEncoding</key>
			<string>4</string>
			<key>isa</key>
			<string>PBXFileReference</string>
			<key>lastKnownFileType</key>
			<string>sourcecode.c.h</string>
			<key>name</key>
			<string>NIError.h</string>
			<key>path</key>
			<string>../nimbus/src/core/src/NIError.h</string>
			<key>sourceTree</key>
			<string>&lt;group&gt;</string>
		</dict>
		<key>2BB538D61A50176B005A0AA7</key>
		<dict>
			<key>fileEncoding</key>
			<string>4</string>
			<key>isa</key>
			<string>PBXFileReference</string>
			<key>lastKnownFileType</key>
			<string>sourcecode.c.objc</string>
			<key>name</key>
			<string>NIError.m</string>
			<key>path</key>
			<string>../nimbus/src/core/src/NIError.m</string>
			<key>sourceTree</key>
			<string>&lt;group&gt;</string>
		</dict>
		<key>2BB538D71A50176B005A0AA7</key>
		<dict>
			<key>fileEncoding</key>
			<string>4</string>
			<key>isa</key>
			<string>PBXFileReference</string>
			<key>lastKnownFileType</key>
			<string>sourcecode.c.h</string>
			<key>name</key>
			<string>NIFoundationMethods.h</string>
			<key>path</key>
			<string>../nimbus/src/core/src/NIFoundationMethods.h</string>
			<key>sourceTree</key>
			<string>&lt;group&gt;</string>
		</dict>
		<key>2BB538D81A50176B005A0AA7</key>
		<dict>
			<key>fileEncoding</key>
			<string>4</string>
			<key>isa</key>
			<string>PBXFileReference</string>
			<key>lastKnownFileType</key>
			<string>sourcecode.c.objc</string>
			<key>name</key>
			<string>NIFoundationMethods.m</string>
			<key>path</key>
			<string>../nimbus/src/core/src/NIFoundationMethods.m</string>
			<key>sourceTree</key>
			<string>&lt;group&gt;</string>
		</dict>
		<key>2BB538D91A50176B005A0AA7</key>
		<dict>
			<key>fileEncoding</key>
			<string>4</string>
			<key>isa</key>
			<string>PBXFileReference</string>
			<key>lastKnownFileType</key>
			<string>sourcecode.c.h</string>
			<key>name</key>
			<string>NIImageUtilities.h</string>
			<key>path</key>
			<string>../nimbus/src/core/src/NIImageUtilities.h</string>
			<key>sourceTree</key>
			<string>&lt;group&gt;</string>
		</dict>
		<key>2BB538DA1A50176B005A0AA7</key>
		<dict>
			<key>fileEncoding</key>
			<string>4</string>
			<key>isa</key>
			<string>PBXFileReference</string>
			<key>lastKnownFileType</key>
			<string>sourcecode.c.objc</string>
			<key>name</key>
			<string>NIImageUtilities.m</string>
			<key>path</key>
			<string>../nimbus/src/core/src/NIImageUtilities.m</string>
			<key>sourceTree</key>
			<string>&lt;group&gt;</string>
		</dict>
		<key>2BB538DB1A50176B005A0AA7</key>
		<dict>
			<key>fileEncoding</key>
			<string>4</string>
			<key>isa</key>
			<string>PBXFileReference</string>
			<key>lastKnownFileType</key>
			<string>sourcecode.c.h</string>
			<key>name</key>
			<string>NIInMemoryCache.h</string>
			<key>path</key>
			<string>../nimbus/src/core/src/NIInMemoryCache.h</string>
			<key>sourceTree</key>
			<string>&lt;group&gt;</string>
		</dict>
		<key>2BB538DC1A50176B005A0AA7</key>
		<dict>
			<key>fileEncoding</key>
			<string>4</string>
			<key>isa</key>
			<string>PBXFileReference</string>
			<key>lastKnownFileType</key>
			<string>sourcecode.c.objc</string>
			<key>name</key>
			<string>NIInMemoryCache.m</string>
			<key>path</key>
			<string>../nimbus/src/core/src/NIInMemoryCache.m</string>
			<key>sourceTree</key>
			<string>&lt;group&gt;</string>
		</dict>
		<key>2BB538DD1A50176B005A0AA7</key>
		<dict>
			<key>fileEncoding</key>
			<string>4</string>
			<key>isa</key>
			<string>PBXFileReference</string>
			<key>lastKnownFileType</key>
			<string>sourcecode.c.h</string>
			<key>name</key>
			<string>NimbusCore.h</string>
			<key>path</key>
			<string>../nimbus/src/core/src/NimbusCore.h</string>
			<key>sourceTree</key>
			<string>&lt;group&gt;</string>
		</dict>
		<key>2BB538DE1A50176B005A0AA7</key>
		<dict>
			<key>fileEncoding</key>
			<string>4</string>
			<key>isa</key>
			<string>PBXFileReference</string>
			<key>lastKnownFileType</key>
			<string>sourcecode.c.h</string>
			<key>name</key>
			<string>NimbusCore+Additions.h</string>
			<key>path</key>
			<string>../nimbus/src/core/src/NimbusCore+Additions.h</string>
			<key>sourceTree</key>
			<string>&lt;group&gt;</string>
		</dict>
		<key>2BB538DF1A50176B005A0AA7</key>
		<dict>
			<key>fileEncoding</key>
			<string>4</string>
			<key>isa</key>
			<string>PBXFileReference</string>
			<key>lastKnownFileType</key>
			<string>sourcecode.c.h</string>
			<key>name</key>
			<string>NINavigationAppearance.h</string>
			<key>path</key>
			<string>../nimbus/src/core/src/NINavigationAppearance.h</string>
			<key>sourceTree</key>
			<string>&lt;group&gt;</string>
		</dict>
		<key>2BB538E01A50176B005A0AA7</key>
		<dict>
			<key>fileEncoding</key>
			<string>4</string>
			<key>isa</key>
			<string>PBXFileReference</string>
			<key>lastKnownFileType</key>
			<string>sourcecode.c.objc</string>
			<key>name</key>
			<string>NINavigationAppearance.m</string>
			<key>path</key>
			<string>../nimbus/src/core/src/NINavigationAppearance.m</string>
			<key>sourceTree</key>
			<string>&lt;group&gt;</string>
		</dict>
		<key>2BB538E11A50176B005A0AA7</key>
		<dict>
			<key>fileEncoding</key>
			<string>4</string>
			<key>isa</key>
			<string>PBXFileReference</string>
			<key>lastKnownFileType</key>
			<string>sourcecode.c.h</string>
			<key>name</key>
			<string>NINetworkActivity.h</string>
			<key>path</key>
			<string>../nimbus/src/core/src/NINetworkActivity.h</string>
			<key>sourceTree</key>
			<string>&lt;group&gt;</string>
		</dict>
		<key>2BB538E21A50176B005A0AA7</key>
		<dict>
			<key>fileEncoding</key>
			<string>4</string>
			<key>isa</key>
			<string>PBXFileReference</string>
			<key>lastKnownFileType</key>
			<string>sourcecode.c.objc</string>
			<key>name</key>
			<string>NINetworkActivity.m</string>
			<key>path</key>
			<string>../nimbus/src/core/src/NINetworkActivity.m</string>
			<key>sourceTree</key>
			<string>&lt;group&gt;</string>
		</dict>
		<key>2BB538E31A50176B005A0AA7</key>
		<dict>
			<key>fileEncoding</key>
			<string>4</string>
			<key>isa</key>
			<string>PBXFileReference</string>
			<key>lastKnownFileType</key>
			<string>sourcecode.c.h</string>
			<key>name</key>
			<string>NINonEmptyCollectionTesting.h</string>
			<key>path</key>
			<string>../nimbus/src/core/src/NINonEmptyCollectionTesting.h</string>
			<key>sourceTree</key>
			<string>&lt;group&gt;</string>
		</dict>
		<key>2BB538E41A50176B005A0AA7</key>
		<dict>
			<key>fileEncoding</key>
			<string>4</string>
			<key>isa</key>
			<string>PBXFileReference</string>
			<key>lastKnownFileType</key>
			<string>sourcecode.c.objc</string>
			<key>name</key>
			<string>NINonEmptyCollectionTesting.m</string>
			<key>path</key>
			<string>../nimbus/src/core/src/NINonEmptyCollectionTesting.m</string>
			<key>sourceTree</key>
			<string>&lt;group&gt;</string>
		</dict>
		<key>2BB538E51A50176B005A0AA7</key>
		<dict>
			<key>fileEncoding</key>
			<string>4</string>
			<key>isa</key>
			<string>PBXFileReference</string>
			<key>lastKnownFileType</key>
			<string>sourcecode.c.h</string>
			<key>name</key>
			<string>NINonRetainingCollections.h</string>
			<key>path</key>
			<string>../nimbus/src/core/src/NINonRetainingCollections.h</string>
			<key>sourceTree</key>
			<string>&lt;group&gt;</string>
		</dict>
		<key>2BB538E61A50176B005A0AA7</key>
		<dict>
			<key>fileEncoding</key>
			<string>4</string>
			<key>isa</key>
			<string>PBXFileReference</string>
			<key>lastKnownFileType</key>
			<string>sourcecode.c.objc</string>
			<key>name</key>
			<string>NINonRetainingCollections.m</string>
			<key>path</key>
			<string>../nimbus/src/core/src/NINonRetainingCollections.m</string>
			<key>sourceTree</key>
			<string>&lt;group&gt;</string>
		</dict>
		<key>2BB538E71A50176B005A0AA7</key>
		<dict>
			<key>fileEncoding</key>
			<string>4</string>
			<key>isa</key>
			<string>PBXFileReference</string>
			<key>lastKnownFileType</key>
			<string>sourcecode.c.h</string>
			<key>name</key>
			<string>NIOperations.h</string>
			<key>path</key>
			<string>../nimbus/src/core/src/NIOperations.h</string>
			<key>sourceTree</key>
			<string>&lt;group&gt;</string>
		</dict>
		<key>2BB538E81A50176B005A0AA7</key>
		<dict>
			<key>fileEncoding</key>
			<string>4</string>
			<key>isa</key>
			<string>PBXFileReference</string>
			<key>lastKnownFileType</key>
			<string>sourcecode.c.objc</string>
			<key>name</key>
			<string>NIOperations.m</string>
			<key>path</key>
			<string>../nimbus/src/core/src/NIOperations.m</string>
			<key>sourceTree</key>
			<string>&lt;group&gt;</string>
		</dict>
		<key>2BB538E91A50176B005A0AA7</key>
		<dict>
			<key>fileEncoding</key>
			<string>4</string>
			<key>isa</key>
			<string>PBXFileReference</string>
			<key>lastKnownFileType</key>
			<string>sourcecode.c.h</string>
			<key>name</key>
			<string>NIOperations+Subclassing.h</string>
			<key>path</key>
			<string>../nimbus/src/core/src/NIOperations+Subclassing.h</string>
			<key>sourceTree</key>
			<string>&lt;group&gt;</string>
		</dict>
		<key>2BB538EA1A50176B005A0AA7</key>
		<dict>
			<key>fileEncoding</key>
			<string>4</string>
			<key>isa</key>
			<string>PBXFileReference</string>
			<key>lastKnownFileType</key>
			<string>sourcecode.c.h</string>
			<key>name</key>
			<string>NIPaths.h</string>
			<key>path</key>
			<string>../nimbus/src/core/src/NIPaths.h</string>
			<key>sourceTree</key>
			<string>&lt;group&gt;</string>
		</dict>
		<key>2BB538EB1A50176B005A0AA7</key>
		<dict>
			<key>fileEncoding</key>
			<string>4</string>
			<key>isa</key>
			<string>PBXFileReference</string>
			<key>lastKnownFileType</key>
			<string>sourcecode.c.objc</string>
			<key>name</key>
			<string>NIPaths.m</string>
			<key>path</key>
			<string>../nimbus/src/core/src/NIPaths.m</string>
			<key>sourceTree</key>
			<string>&lt;group&gt;</string>
		</dict>
		<key>2BB538EC1A50176B005A0AA7</key>
		<dict>
			<key>fileEncoding</key>
			<string>4</string>
			<key>isa</key>
			<string>PBXFileReference</string>
			<key>lastKnownFileType</key>
			<string>sourcecode.c.h</string>
			<key>name</key>
			<string>NIPreprocessorMacros.h</string>
			<key>path</key>
			<string>../nimbus/src/core/src/NIPreprocessorMacros.h</string>
			<key>sourceTree</key>
			<string>&lt;group&gt;</string>
		</dict>
		<key>2BB538ED1A50176B005A0AA7</key>
		<dict>
			<key>fileEncoding</key>
			<string>4</string>
			<key>isa</key>
			<string>PBXFileReference</string>
			<key>lastKnownFileType</key>
			<string>sourcecode.c.h</string>
			<key>name</key>
			<string>NIRuntimeClassModifications.h</string>
			<key>path</key>
			<string>../nimbus/src/core/src/NIRuntimeClassModifications.h</string>
			<key>sourceTree</key>
			<string>&lt;group&gt;</string>
		</dict>
		<key>2BB538EE1A50176B005A0AA7</key>
		<dict>
			<key>fileEncoding</key>
			<string>4</string>
			<key>isa</key>
			<string>PBXFileReference</string>
			<key>lastKnownFileType</key>
			<string>sourcecode.c.objc</string>
			<key>name</key>
			<string>NIRuntimeClassModifications.m</string>
			<key>path</key>
			<string>../nimbus/src/core/src/NIRuntimeClassModifications.m</string>
			<key>sourceTree</key>
			<string>&lt;group&gt;</string>
		</dict>
		<key>2BB538EF1A50176B005A0AA7</key>
		<dict>
			<key>fileEncoding</key>
			<string>4</string>
			<key>isa</key>
			<string>PBXFileReference</string>
			<key>lastKnownFileType</key>
			<string>sourcecode.c.h</string>
			<key>name</key>
			<string>NISDKAvailability.h</string>
			<key>path</key>
			<string>../nimbus/src/core/src/NISDKAvailability.h</string>
			<key>sourceTree</key>
			<string>&lt;group&gt;</string>
		</dict>
		<key>2BB538F01A50176B005A0AA7</key>
		<dict>
			<key>fileEncoding</key>
			<string>4</string>
			<key>isa</key>
			<string>PBXFileReference</string>
			<key>lastKnownFileType</key>
			<string>sourcecode.c.objc</string>
			<key>name</key>
			<string>NISDKAvailability.m</string>
			<key>path</key>
			<string>../nimbus/src/core/src/NISDKAvailability.m</string>
			<key>sourceTree</key>
			<string>&lt;group&gt;</string>
		</dict>
		<key>2BB538F11A50176B005A0AA7</key>
		<dict>
			<key>fileEncoding</key>
			<string>4</string>
			<key>isa</key>
			<string>PBXFileReference</string>
			<key>lastKnownFileType</key>
			<string>sourcecode.c.h</string>
			<key>name</key>
			<string>NISnapshotRotation.h</string>
			<key>path</key>
			<string>../nimbus/src/core/src/NISnapshotRotation.h</string>
			<key>sourceTree</key>
			<string>&lt;group&gt;</string>
		</dict>
		<key>2BB538F21A50176B005A0AA7</key>
		<dict>
			<key>fileEncoding</key>
			<string>4</string>
			<key>isa</key>
			<string>PBXFileReference</string>
			<key>lastKnownFileType</key>
			<string>sourcecode.c.objc</string>
			<key>name</key>
			<string>NISnapshotRotation.m</string>
			<key>path</key>
			<string>../nimbus/src/core/src/NISnapshotRotation.m</string>
			<key>sourceTree</key>
			<string>&lt;group&gt;</string>
		</dict>
		<key>2BB538F31A50176B005A0AA7</key>
		<dict>
			<key>fileEncoding</key>
			<string>4</string>
			<key>isa</key>
			<string>PBXFileReference</string>
			<key>lastKnownFileType</key>
			<string>sourcecode.c.h</string>
			<key>name</key>
			<string>NIState.h</string>
			<key>path</key>
			<string>../nimbus/src/core/src/NIState.h</string>
			<key>sourceTree</key>
			<string>&lt;group&gt;</string>
		</dict>
		<key>2BB538F41A50176B005A0AA7</key>
		<dict>
			<key>fileEncoding</key>
			<string>4</string>
			<key>isa</key>
			<string>PBXFileReference</string>
			<key>lastKnownFileType</key>
			<string>sourcecode.c.objc</string>
			<key>name</key>
			<string>NIState.m</string>
			<key>path</key>
			<string>../nimbus/src/core/src/NIState.m</string>
			<key>sourceTree</key>
			<string>&lt;group&gt;</string>
		</dict>
		<key>2BB538F51A50176B005A0AA7</key>
		<dict>
			<key>fileEncoding</key>
			<string>4</string>
			<key>isa</key>
			<string>PBXFileReference</string>
			<key>lastKnownFileType</key>
			<string>sourcecode.c.h</string>
			<key>name</key>
			<string>NIViewRecycler.h</string>
			<key>path</key>
			<string>../nimbus/src/core/src/NIViewRecycler.h</string>
			<key>sourceTree</key>
			<string>&lt;group&gt;</string>
		</dict>
		<key>2BB538F61A50176B005A0AA7</key>
		<dict>
			<key>fileEncoding</key>
			<string>4</string>
			<key>isa</key>
			<string>PBXFileReference</string>
			<key>lastKnownFileType</key>
			<string>sourcecode.c.objc</string>
			<key>name</key>
			<string>NIViewRecycler.m</string>
			<key>path</key>
			<string>../nimbus/src/core/src/NIViewRecycler.m</string>
			<key>sourceTree</key>
			<string>&lt;group&gt;</string>
		</dict>
		<key>2BB538F71A50176B005A0AA7</key>
		<dict>
			<key>fileEncoding</key>
			<string>4</string>
			<key>isa</key>
			<string>PBXFileReference</string>
			<key>lastKnownFileType</key>
			<string>sourcecode.c.h</string>
			<key>name</key>
			<string>UIResponder+NimbusCore.h</string>
			<key>path</key>
			<string>../nimbus/src/core/src/UIResponder+NimbusCore.h</string>
			<key>sourceTree</key>
			<string>&lt;group&gt;</string>
		</dict>
		<key>2BB538F81A50176B005A0AA7</key>
		<dict>
			<key>fileEncoding</key>
			<string>4</string>
			<key>isa</key>
			<string>PBXFileReference</string>
			<key>lastKnownFileType</key>
			<string>sourcecode.c.objc</string>
			<key>name</key>
			<string>UIResponder+NimbusCore.m</string>
			<key>path</key>
			<string>../nimbus/src/core/src/UIResponder+NimbusCore.m</string>
			<key>sourceTree</key>
			<string>&lt;group&gt;</string>
		</dict>
		<key>2BB5390F1A501787005A0AA7</key>
		<dict>
			<key>fileEncoding</key>
			<string>4</string>
			<key>isa</key>
			<string>PBXFileReference</string>
			<key>lastKnownFileType</key>
			<string>sourcecode.c.h</string>
			<key>name</key>
			<string>NICellBackgrounds.h</string>
			<key>path</key>
			<string>../nimbus/src/models/src/NICellBackgrounds.h</string>
			<key>sourceTree</key>
			<string>&lt;group&gt;</string>
		</dict>
		<key>2BB539101A501787005A0AA7</key>
		<dict>
			<key>fileEncoding</key>
			<string>4</string>
			<key>isa</key>
			<string>PBXFileReference</string>
			<key>lastKnownFileType</key>
			<string>sourcecode.c.objc</string>
			<key>name</key>
			<string>NICellBackgrounds.m</string>
			<key>path</key>
			<string>../nimbus/src/models/src/NICellBackgrounds.m</string>
			<key>sourceTree</key>
			<string>&lt;group&gt;</string>
		</dict>
		<key>2BB539111A501787005A0AA7</key>
		<dict>
			<key>fileEncoding</key>
			<string>4</string>
			<key>isa</key>
			<string>PBXFileReference</string>
			<key>lastKnownFileType</key>
			<string>sourcecode.c.h</string>
			<key>name</key>
			<string>NICellCatalog.h</string>
			<key>path</key>
			<string>../nimbus/src/models/src/NICellCatalog.h</string>
			<key>sourceTree</key>
			<string>&lt;group&gt;</string>
		</dict>
		<key>2BB539121A501787005A0AA7</key>
		<dict>
			<key>fileEncoding</key>
			<string>4</string>
			<key>isa</key>
			<string>PBXFileReference</string>
			<key>lastKnownFileType</key>
			<string>sourcecode.c.objc</string>
			<key>name</key>
			<string>NICellCatalog.m</string>
			<key>path</key>
			<string>../nimbus/src/models/src/NICellCatalog.m</string>
			<key>sourceTree</key>
			<string>&lt;group&gt;</string>
		</dict>
		<key>2BB539131A501787005A0AA7</key>
		<dict>
			<key>fileEncoding</key>
			<string>4</string>
			<key>isa</key>
			<string>PBXFileReference</string>
			<key>lastKnownFileType</key>
			<string>sourcecode.c.h</string>
			<key>name</key>
			<string>NICellFactory.h</string>
			<key>path</key>
			<string>../nimbus/src/models/src/NICellFactory.h</string>
			<key>sourceTree</key>
			<string>&lt;group&gt;</string>
		</dict>
		<key>2BB539141A501787005A0AA7</key>
		<dict>
			<key>fileEncoding</key>
			<string>4</string>
			<key>isa</key>
			<string>PBXFileReference</string>
			<key>lastKnownFileType</key>
			<string>sourcecode.c.objc</string>
			<key>name</key>
			<string>NICellFactory.m</string>
			<key>path</key>
			<string>../nimbus/src/models/src/NICellFactory.m</string>
			<key>sourceTree</key>
			<string>&lt;group&gt;</string>
		</dict>
		<key>2BB539151A501787005A0AA7</key>
		<dict>
			<key>fileEncoding</key>
			<string>4</string>
			<key>isa</key>
			<string>PBXFileReference</string>
			<key>lastKnownFileType</key>
			<string>sourcecode.c.h</string>
			<key>name</key>
			<string>NICellFactory+Private.h</string>
			<key>path</key>
			<string>../nimbus/src/models/src/NICellFactory+Private.h</string>
			<key>sourceTree</key>
			<string>&lt;group&gt;</string>
		</dict>
		<key>2BB539161A501787005A0AA7</key>
		<dict>
			<key>fileEncoding</key>
			<string>4</string>
			<key>isa</key>
			<string>PBXFileReference</string>
			<key>lastKnownFileType</key>
			<string>sourcecode.c.h</string>
			<key>name</key>
			<string>NIFormCellCatalog.h</string>
			<key>path</key>
			<string>../nimbus/src/models/src/NIFormCellCatalog.h</string>
			<key>sourceTree</key>
			<string>&lt;group&gt;</string>
		</dict>
		<key>2BB539171A501787005A0AA7</key>
		<dict>
			<key>fileEncoding</key>
			<string>4</string>
			<key>isa</key>
			<string>PBXFileReference</string>
			<key>lastKnownFileType</key>
			<string>sourcecode.c.objc</string>
			<key>name</key>
			<string>NIFormCellCatalog.m</string>
			<key>path</key>
			<string>../nimbus/src/models/src/NIFormCellCatalog.m</string>
			<key>sourceTree</key>
			<string>&lt;group&gt;</string>
		</dict>
		<key>2BB539181A501787005A0AA7</key>
		<dict>
			<key>fileEncoding</key>
			<string>4</string>
			<key>isa</key>
			<string>PBXFileReference</string>
			<key>lastKnownFileType</key>
			<string>sourcecode.c.h</string>
			<key>name</key>
			<string>NimbusModels.h</string>
			<key>path</key>
			<string>../nimbus/src/models/src/NimbusModels.h</string>
			<key>sourceTree</key>
			<string>&lt;group&gt;</string>
		</dict>
		<key>2BB539191A501787005A0AA7</key>
		<dict>
			<key>fileEncoding</key>
			<string>4</string>
			<key>isa</key>
			<string>PBXFileReference</string>
			<key>lastKnownFileType</key>
			<string>sourcecode.c.h</string>
			<key>name</key>
			<string>NIMutableTableViewModel.h</string>
			<key>path</key>
			<string>../nimbus/src/models/src/NIMutableTableViewModel.h</string>
			<key>sourceTree</key>
			<string>&lt;group&gt;</string>
		</dict>
		<key>2BB5391A1A501787005A0AA7</key>
		<dict>
			<key>fileEncoding</key>
			<string>4</string>
			<key>isa</key>
			<string>PBXFileReference</string>
			<key>lastKnownFileType</key>
			<string>sourcecode.c.objc</string>
			<key>name</key>
			<string>NIMutableTableViewModel.m</string>
			<key>path</key>
			<string>../nimbus/src/models/src/NIMutableTableViewModel.m</string>
			<key>sourceTree</key>
			<string>&lt;group&gt;</string>
		</dict>
		<key>2BB5391B1A501787005A0AA7</key>
		<dict>
			<key>fileEncoding</key>
			<string>4</string>
			<key>isa</key>
			<string>PBXFileReference</string>
			<key>lastKnownFileType</key>
			<string>sourcecode.c.h</string>
			<key>name</key>
			<string>NIMutableTableViewModel+Private.h</string>
			<key>path</key>
			<string>../nimbus/src/models/src/NIMutableTableViewModel+Private.h</string>
			<key>sourceTree</key>
			<string>&lt;group&gt;</string>
		</dict>
		<key>2BB5391C1A501787005A0AA7</key>
		<dict>
			<key>fileEncoding</key>
			<string>4</string>
			<key>isa</key>
			<string>PBXFileReference</string>
			<key>lastKnownFileType</key>
			<string>sourcecode.c.h</string>
			<key>name</key>
			<string>NIRadioGroup.h</string>
			<key>path</key>
			<string>../nimbus/src/models/src/NIRadioGroup.h</string>
			<key>sourceTree</key>
			<string>&lt;group&gt;</string>
		</dict>
		<key>2BB5391D1A501787005A0AA7</key>
		<dict>
			<key>fileEncoding</key>
			<string>4</string>
			<key>isa</key>
			<string>PBXFileReference</string>
			<key>lastKnownFileType</key>
			<string>sourcecode.c.objc</string>
			<key>name</key>
			<string>NIRadioGroup.m</string>
			<key>path</key>
			<string>../nimbus/src/models/src/NIRadioGroup.m</string>
			<key>sourceTree</key>
			<string>&lt;group&gt;</string>
		</dict>
		<key>2BB5391E1A501787005A0AA7</key>
		<dict>
			<key>fileEncoding</key>
			<string>4</string>
			<key>isa</key>
			<string>PBXFileReference</string>
			<key>lastKnownFileType</key>
			<string>sourcecode.c.h</string>
			<key>name</key>
			<string>NIRadioGroupController.h</string>
			<key>path</key>
			<string>../nimbus/src/models/src/NIRadioGroupController.h</string>
			<key>sourceTree</key>
			<string>&lt;group&gt;</string>
		</dict>
		<key>2BB5391F1A501787005A0AA7</key>
		<dict>
			<key>fileEncoding</key>
			<string>4</string>
			<key>isa</key>
			<string>PBXFileReference</string>
			<key>lastKnownFileType</key>
			<string>sourcecode.c.objc</string>
			<key>name</key>
			<string>NIRadioGroupController.m</string>
			<key>path</key>
			<string>../nimbus/src/models/src/NIRadioGroupController.m</string>
			<key>sourceTree</key>
			<string>&lt;group&gt;</string>
		</dict>
		<key>2BB539201A501787005A0AA7</key>
		<dict>
			<key>fileEncoding</key>
			<string>4</string>
			<key>isa</key>
			<string>PBXFileReference</string>
			<key>lastKnownFileType</key>
			<string>sourcecode.c.h</string>
			<key>name</key>
			<string>NITableViewActions.h</string>
			<key>path</key>
			<string>../nimbus/src/models/src/NITableViewActions.h</string>
			<key>sourceTree</key>
			<string>&lt;group&gt;</string>
		</dict>
		<key>2BB539211A501787005A0AA7</key>
		<dict>
			<key>fileEncoding</key>
			<string>4</string>
			<key>isa</key>
			<string>PBXFileReference</string>
			<key>lastKnownFileType</key>
			<string>sourcecode.c.objc</string>
			<key>name</key>
			<string>NITableViewActions.m</string>
			<key>path</key>
			<string>../nimbus/src/models/src/NITableViewActions.m</string>
			<key>sourceTree</key>
			<string>&lt;group&gt;</string>
		</dict>
		<key>2BB539221A501787005A0AA7</key>
		<dict>
			<key>fileEncoding</key>
			<string>4</string>
			<key>isa</key>
			<string>PBXFileReference</string>
			<key>lastKnownFileType</key>
			<string>sourcecode.c.h</string>
			<key>name</key>
			<string>NITableViewModel.h</string>
			<key>path</key>
			<string>../nimbus/src/models/src/NITableViewModel.h</string>
			<key>sourceTree</key>
			<string>&lt;group&gt;</string>
		</dict>
		<key>2BB539231A501787005A0AA7</key>
		<dict>
			<key>fileEncoding</key>
			<string>4</string>
			<key>isa</key>
			<string>PBXFileReference</string>
			<key>lastKnownFileType</key>
			<string>sourcecode.c.objc</string>
			<key>name</key>
			<string>NITableViewModel.m</string>
			<key>path</key>
			<string>../nimbus/src/models/src/NITableViewModel.m</string>
			<key>sourceTree</key>
			<string>&lt;group&gt;</string>
		</dict>
		<key>2BB539241A501787005A0AA7</key>
		<dict>
			<key>fileEncoding</key>
			<string>4</string>
			<key>isa</key>
			<string>PBXFileReference</string>
			<key>lastKnownFileType</key>
			<string>sourcecode.c.h</string>
			<key>name</key>
			<string>NITableViewModel+Private.h</string>
			<key>path</key>
			<string>../nimbus/src/models/src/NITableViewModel+Private.h</string>
			<key>sourceTree</key>
			<string>&lt;group&gt;</string>
		</dict>
		<key>2BB5392E1A5021F7005A0AA7</key>
		<dict>
			<key>fileEncoding</key>
			<string>4</string>
			<key>isa</key>
			<string>PBXFileReference</string>
			<key>lastKnownFileType</key>
			<string>sourcecode.c.h</string>
			<key>path</key>
			<string>VideoSelectionDelegate.h</string>
			<key>sourceTree</key>
			<string>&lt;group&gt;</string>
		</dict>
		<key>2BB5392F1A50281B005A0AA7</key>
		<dict>
			<key>fileEncoding</key>
			<string>4</string>
			<key>isa</key>
			<string>PBXFileReference</string>
			<key>lastKnownFileType</key>
			<string>sourcecode.c.h</string>
			<key>path</key>
			<string>Video.h</string>
			<key>sourceTree</key>
			<string>&lt;group&gt;</string>
		</dict>
		<key>2BB539301A50281B005A0AA7</key>
		<dict>
			<key>fileEncoding</key>
			<string>4</string>
			<key>isa</key>
			<string>PBXFileReference</string>
			<key>lastKnownFileType</key>
			<string>sourcecode.c.objc</string>
			<key>path</key>
			<string>Video.m</string>
			<key>sourceTree</key>
			<string>&lt;group&gt;</string>
		</dict>
		<key>2BBF8A871A4E356400012472</key>
		<dict>
			<key>children</key>
			<array>
				<string>2BBF8A921A4E356400012472</string>
				<string>2B8562AD1A50A60C00BFAA1B</string>
				<string>2B8562CA1A50A60C00BFAA1B</string>
				<string>AFC8CCC6EC1329132295916B</string>
				<string>2B8562171A50A40600BFAA1B</string>
				<string>2B8562AC1A50A60B00BFAA1B</string>
				<string>2B8562C71A50A60C00BFAA1B</string>
				<string>3AEAF00E3529AF4EBC4D6662</string>
			</array>
			<key>isa</key>
			<string>PBXGroup</string>
			<key>sourceTree</key>
			<string>&lt;group&gt;</string>
		</dict>
		<key>2BBF8A881A4E356400012472</key>
		<dict>
			<key>attributes</key>
			<dict>
				<key>LastUpgradeCheck</key>
				<string>0610</string>
				<key>ORGANIZATIONNAME</key>
				<string>Zobreus</string>
				<key>TargetAttributes</key>
				<dict>
					<key>2B8562AB1A50A60B00BFAA1B</key>
					<dict>
						<key>CreatedOnToolsVersion</key>
						<string>6.1.1</string>
					</dict>
					<key>2B8562C61A50A60C00BFAA1B</key>
					<dict>
						<key>CreatedOnToolsVersion</key>
						<string>6.1.1</string>
						<key>TestTargetID</key>
						<string>2B8562AB1A50A60B00BFAA1B</string>
					</dict>
				</dict>
			</dict>
			<key>buildConfigurationList</key>
			<string>2BBF8A8B1A4E356400012472</string>
			<key>compatibilityVersion</key>
			<string>Xcode 3.2</string>
			<key>developmentRegion</key>
			<string>English</string>
			<key>hasScannedForEncodings</key>
			<string>0</string>
			<key>isa</key>
			<string>PBXProject</string>
			<key>knownRegions</key>
			<array>
				<string>en</string>
				<string>Base</string>
			</array>
			<key>mainGroup</key>
			<string>2BBF8A871A4E356400012472</string>
			<key>productRefGroup</key>
			<string>2BBF8A871A4E356400012472</string>
			<key>projectDirPath</key>
			<string></string>
			<key>projectReferences</key>
			<array/>
			<key>projectRoot</key>
			<string></string>
			<key>targets</key>
			<array>
				<string>2B8562AB1A50A60B00BFAA1B</string>
				<string>2B8562C61A50A60C00BFAA1B</string>
			</array>
		</dict>
		<key>2BBF8A8B1A4E356400012472</key>
		<dict>
			<key>buildConfigurations</key>
			<array>
				<string>2BBF8AB41A4E356500012472</string>
				<string>2BBF8AB51A4E356500012472</string>
			</array>
			<key>defaultConfigurationIsVisible</key>
			<string>0</string>
			<key>defaultConfigurationName</key>
			<string>Release</string>
			<key>isa</key>
			<string>XCConfigurationList</string>
		</dict>
		<key>2BBF8A921A4E356400012472</key>
		<dict>
			<key>children</key>
			<array>
				<string>2BB538591A4FFDD5005A0AA7</string>
				<string>2BBF8B171A4E4ADF00012472</string>
				<string>2BB5392E1A5021F7005A0AA7</string>
				<string>2BBF8A9D1A4E356500012472</string>
				<string>2BBF8A9E1A4E356500012472</string>
				<string>2BB5385A1A500053005A0AA7</string>
				<string>2BB5385B1A500053005A0AA7</string>
				<string>2BBF8AA31A4E356500012472</string>
				<string>2BBF8A931A4E356400012472</string>
			</array>
			<key>isa</key>
			<string>PBXGroup</string>
			<key>path</key>
			<string>DhammadipaYoutube</string>
			<key>sourceTree</key>
			<string>&lt;group&gt;</string>
		</dict>
		<key>2BBF8A931A4E356400012472</key>
		<dict>
			<key>children</key>
			<array>
				<string>2BBF8A971A4E356400012472</string>
				<string>2BBF8A981A4E356400012472</string>
				<string>2BBF8A941A4E356400012472</string>
				<string>2BBF8A951A4E356400012472</string>
				<string>2BB538C71A501653005A0AA7</string>
			</array>
			<key>isa</key>
			<string>PBXGroup</string>
			<key>name</key>
			<string>Supporting Files</string>
			<key>sourceTree</key>
			<string>&lt;group&gt;</string>
		</dict>
		<key>2BBF8A941A4E356400012472</key>
		<dict>
			<key>isa</key>
			<string>PBXFileReference</string>
			<key>lastKnownFileType</key>
			<string>text.plist.xml</string>
			<key>path</key>
			<string>Info.plist</string>
			<key>sourceTree</key>
			<string>&lt;group&gt;</string>
		</dict>
		<key>2BBF8A951A4E356400012472</key>
		<dict>
			<key>isa</key>
			<string>PBXFileReference</string>
			<key>lastKnownFileType</key>
			<string>sourcecode.c.objc</string>
			<key>path</key>
			<string>main.m</string>
			<key>sourceTree</key>
			<string>&lt;group&gt;</string>
		</dict>
		<key>2BBF8A971A4E356400012472</key>
		<dict>
			<key>isa</key>
			<string>PBXFileReference</string>
			<key>lastKnownFileType</key>
			<string>sourcecode.c.h</string>
			<key>path</key>
			<string>AppDelegate.h</string>
			<key>sourceTree</key>
			<string>&lt;group&gt;</string>
		</dict>
		<key>2BBF8A981A4E356400012472</key>
		<dict>
			<key>isa</key>
			<string>PBXFileReference</string>
			<key>lastKnownFileType</key>
			<string>sourcecode.c.objc</string>
			<key>path</key>
			<string>AppDelegate.m</string>
			<key>sourceTree</key>
			<string>&lt;group&gt;</string>
		</dict>
		<key>2BBF8A9A1A4E356500012472</key>
		<dict>
			<key>children</key>
			<array>
				<string>2BBF8A9B1A4E356500012472</string>
			</array>
			<key>currentVersion</key>
			<string>2BBF8A9B1A4E356500012472</string>
			<key>isa</key>
			<string>XCVersionGroup</string>
			<key>path</key>
			<string>DhammadipaYoutube.xcdatamodeld</string>
			<key>sourceTree</key>
			<string>&lt;group&gt;</string>
			<key>versionGroupType</key>
			<string>wrapper.xcdatamodel</string>
		</dict>
		<key>2BBF8A9B1A4E356500012472</key>
		<dict>
			<key>isa</key>
			<string>PBXFileReference</string>
			<key>lastKnownFileType</key>
			<string>wrapper.xcdatamodel</string>
			<key>path</key>
			<string>DhammadipaYoutube.xcdatamodel</string>
			<key>sourceTree</key>
			<string>&lt;group&gt;</string>
		</dict>
		<key>2BBF8A9D1A4E356500012472</key>
		<dict>
			<key>isa</key>
			<string>PBXFileReference</string>
			<key>lastKnownFileType</key>
			<string>sourcecode.c.h</string>
			<key>path</key>
			<string>VideoViewController.h</string>
			<key>sourceTree</key>
			<string>&lt;group&gt;</string>
		</dict>
		<key>2BBF8A9E1A4E356500012472</key>
		<dict>
			<key>isa</key>
			<string>PBXFileReference</string>
			<key>lastKnownFileType</key>
			<string>sourcecode.c.objc</string>
			<key>path</key>
			<string>VideoViewController.m</string>
			<key>sourceTree</key>
			<string>&lt;group&gt;</string>
		</dict>
		<key>2BBF8AA31A4E356500012472</key>
		<dict>
			<key>isa</key>
			<string>PBXFileReference</string>
			<key>lastKnownFileType</key>
			<string>folder.assetcatalog</string>
			<key>path</key>
			<string>Images.xcassets</string>
			<key>sourceTree</key>
			<string>&lt;group&gt;</string>
		</dict>
		<key>2BBF8AB41A4E356500012472</key>
		<dict>
			<key>buildSettings</key>
			<dict>
				<key>ALWAYS_SEARCH_USER_PATHS</key>
				<string>NO</string>
				<key>CLANG_CXX_LANGUAGE_STANDARD</key>
				<string>gnu++0x</string>
				<key>CLANG_CXX_LIBRARY</key>
				<string>libc++</string>
				<key>CLANG_ENABLE_MODULES</key>
				<string>YES</string>
				<key>CLANG_ENABLE_OBJC_ARC</key>
				<string>YES</string>
				<key>CLANG_WARN_BOOL_CONVERSION</key>
				<string>YES</string>
				<key>CLANG_WARN_CONSTANT_CONVERSION</key>
				<string>YES</string>
				<key>CLANG_WARN_DIRECT_OBJC_ISA_USAGE</key>
				<string>YES_ERROR</string>
				<key>CLANG_WARN_EMPTY_BODY</key>
				<string>YES</string>
				<key>CLANG_WARN_ENUM_CONVERSION</key>
				<string>YES</string>
				<key>CLANG_WARN_INT_CONVERSION</key>
				<string>YES</string>
				<key>CLANG_WARN_OBJC_ROOT_CLASS</key>
				<string>YES_ERROR</string>
				<key>CLANG_WARN_UNREACHABLE_CODE</key>
				<string>YES</string>
				<key>CLANG_WARN__DUPLICATE_METHOD_MATCH</key>
				<string>YES</string>
				<key>CODE_SIGN_IDENTITY[sdk=iphoneos*]</key>
				<string>iPhone Developer</string>
				<key>COPY_PHASE_STRIP</key>
				<string>NO</string>
				<key>ENABLE_STRICT_OBJC_MSGSEND</key>
				<string>YES</string>
				<key>GCC_C_LANGUAGE_STANDARD</key>
				<string>gnu99</string>
				<key>GCC_DYNAMIC_NO_PIC</key>
				<string>NO</string>
				<key>GCC_OPTIMIZATION_LEVEL</key>
				<string>0</string>
				<key>GCC_PREPROCESSOR_DEFINITIONS</key>
				<array>
					<string>DEBUG=1</string>
					<string>$(inherited)</string>
				</array>
				<key>GCC_SYMBOLS_PRIVATE_EXTERN</key>
				<string>NO</string>
				<key>GCC_WARN_64_TO_32_BIT_CONVERSION</key>
				<string>YES</string>
				<key>GCC_WARN_ABOUT_RETURN_TYPE</key>
				<string>YES_ERROR</string>
				<key>GCC_WARN_UNDECLARED_SELECTOR</key>
				<string>YES</string>
				<key>GCC_WARN_UNINITIALIZED_AUTOS</key>
				<string>YES_AGGRESSIVE</string>
				<key>GCC_WARN_UNUSED_FUNCTION</key>
				<string>YES</string>
				<key>GCC_WARN_UNUSED_VARIABLE</key>
				<string>YES</string>
				<key>IPHONEOS_DEPLOYMENT_TARGET</key>
				<string>8.1</string>
				<key>MTL_ENABLE_DEBUG_INFO</key>
				<string>YES</string>
				<key>ONLY_ACTIVE_ARCH</key>
				<string>YES</string>
				<key>SDKROOT</key>
				<string>iphoneos</string>
				<key>TARGETED_DEVICE_FAMILY</key>
				<string>2</string>
			</dict>
			<key>isa</key>
			<string>XCBuildConfiguration</string>
			<key>name</key>
			<string>Debug</string>
		</dict>
		<key>2BBF8AB51A4E356500012472</key>
		<dict>
			<key>buildSettings</key>
			<dict>
				<key>ALWAYS_SEARCH_USER_PATHS</key>
				<string>NO</string>
				<key>CLANG_CXX_LANGUAGE_STANDARD</key>
				<string>gnu++0x</string>
				<key>CLANG_CXX_LIBRARY</key>
				<string>libc++</string>
				<key>CLANG_ENABLE_MODULES</key>
				<string>YES</string>
				<key>CLANG_ENABLE_OBJC_ARC</key>
				<string>YES</string>
				<key>CLANG_WARN_BOOL_CONVERSION</key>
				<string>YES</string>
				<key>CLANG_WARN_CONSTANT_CONVERSION</key>
				<string>YES</string>
				<key>CLANG_WARN_DIRECT_OBJC_ISA_USAGE</key>
				<string>YES_ERROR</string>
				<key>CLANG_WARN_EMPTY_BODY</key>
				<string>YES</string>
				<key>CLANG_WARN_ENUM_CONVERSION</key>
				<string>YES</string>
				<key>CLANG_WARN_INT_CONVERSION</key>
				<string>YES</string>
				<key>CLANG_WARN_OBJC_ROOT_CLASS</key>
				<string>YES_ERROR</string>
				<key>CLANG_WARN_UNREACHABLE_CODE</key>
				<string>YES</string>
				<key>CLANG_WARN__DUPLICATE_METHOD_MATCH</key>
				<string>YES</string>
				<key>CODE_SIGN_IDENTITY[sdk=iphoneos*]</key>
				<string>iPhone Developer</string>
				<key>COPY_PHASE_STRIP</key>
				<string>YES</string>
				<key>ENABLE_NS_ASSERTIONS</key>
				<string>NO</string>
				<key>ENABLE_STRICT_OBJC_MSGSEND</key>
				<string>YES</string>
				<key>GCC_C_LANGUAGE_STANDARD</key>
				<string>gnu99</string>
				<key>GCC_WARN_64_TO_32_BIT_CONVERSION</key>
				<string>YES</string>
				<key>GCC_WARN_ABOUT_RETURN_TYPE</key>
				<string>YES_ERROR</string>
				<key>GCC_WARN_UNDECLARED_SELECTOR</key>
				<string>YES</string>
				<key>GCC_WARN_UNINITIALIZED_AUTOS</key>
				<string>YES_AGGRESSIVE</string>
				<key>GCC_WARN_UNUSED_FUNCTION</key>
				<string>YES</string>
				<key>GCC_WARN_UNUSED_VARIABLE</key>
				<string>YES</string>
				<key>IPHONEOS_DEPLOYMENT_TARGET</key>
				<string>8.1</string>
				<key>MTL_ENABLE_DEBUG_INFO</key>
				<string>NO</string>
				<key>SDKROOT</key>
				<string>iphoneos</string>
				<key>TARGETED_DEVICE_FAMILY</key>
				<string>2</string>
				<key>VALIDATE_PRODUCT</key>
				<string>YES</string>
			</dict>
			<key>isa</key>
			<string>XCBuildConfiguration</string>
			<key>name</key>
			<string>Release</string>
		</dict>
		<key>2BBF8B171A4E4ADF00012472</key>
		<dict>
			<key>children</key>
			<array>
				<string>2BBF8A9A1A4E356500012472</string>
				<string>2BB5392F1A50281B005A0AA7</string>
				<string>2BB539301A50281B005A0AA7</string>
			</array>
			<key>isa</key>
			<string>PBXGroup</string>
			<key>name</key>
			<string>Model</string>
			<key>sourceTree</key>
			<string>&lt;group&gt;</string>
		</dict>
		<key>2BBF8B1B1A4E4D8500012472</key>
		<dict>
			<key>isa</key>
			<string>PBXFileReference</string>
			<key>lastKnownFileType</key>
			<string>wrapper.framework</string>
			<key>name</key>
			<string>CoreData.framework</string>
			<key>path</key>
			<string>System/Library/Frameworks/CoreData.framework</string>
			<key>sourceTree</key>
			<string>SDKROOT</string>
		</dict>
		<key>2BBF8B1D1A4E4DA300012472</key>
		<dict>
			<key>isa</key>
			<string>PBXFileReference</string>
			<key>lastKnownFileType</key>
			<string>wrapper.framework</string>
			<key>name</key>
			<string>Foundation.framework</string>
			<key>path</key>
			<string>System/Library/Frameworks/Foundation.framework</string>
			<key>sourceTree</key>
			<string>SDKROOT</string>
		</dict>
		<key>2BBF8B821A4E8A6600012472</key>
		<dict>
			<key>fileEncoding</key>
			<string>4</string>
			<key>isa</key>
			<string>PBXFileReference</string>
			<key>lastKnownFileType</key>
			<string>sourcecode.c.h</string>
			<key>path</key>
			<string>YoutubeAPICommunicator.h</string>
			<key>sourceTree</key>
			<string>&lt;group&gt;</string>
		</dict>
		<key>2BBF8B831A4E8A6600012472</key>
		<dict>
			<key>fileEncoding</key>
			<string>4</string>
			<key>isa</key>
			<string>PBXFileReference</string>
			<key>lastKnownFileType</key>
			<string>sourcecode.c.objc</string>
			<key>path</key>
			<string>YoutubeAPICommunicator.m</string>
			<key>sourceTree</key>
			<string>&lt;group&gt;</string>
		</dict>
		<key>2BBF8B991A4E8EA000012472</key>
		<dict>
			<key>isa</key>
			<string>PBXFileReference</string>
			<key>lastKnownFileType</key>
			<string>wrapper.framework</string>
			<key>name</key>
			<string>Security.framework</string>
			<key>path</key>
			<string>System/Library/Frameworks/Security.framework</string>
			<key>sourceTree</key>
			<string>SDKROOT</string>
		</dict>
		<key>2BBF8B9B1A4E8EAA00012472</key>
		<dict>
			<key>isa</key>
			<string>PBXFileReference</string>
			<key>lastKnownFileType</key>
			<string>wrapper.framework</string>
			<key>name</key>
			<string>SystemConfiguration.framework</string>
			<key>path</key>
			<string>System/Library/Frameworks/SystemConfiguration.framework</string>
			<key>sourceTree</key>
			<string>SDKROOT</string>
		</dict>
		<key>2BBF8B9D1A4E8EBA00012472</key>
		<dict>
			<key>isa</key>
			<string>PBXFileReference</string>
			<key>lastKnownFileType</key>
			<string>wrapper.framework</string>
			<key>name</key>
			<string>UIKit.framework</string>
			<key>path</key>
			<string>System/Library/Frameworks/UIKit.framework</string>
			<key>sourceTree</key>
			<string>SDKROOT</string>
		</dict>
		<key>3AEAF00E3529AF4EBC4D6662</key>
		<dict>
			<key>children</key>
			<array>
				<string>2435A98B1753E12121B5FA93</string>
				<string>FFA394367738F1CA9EA4C853</string>
			</array>
			<key>isa</key>
			<string>PBXGroup</string>
			<key>name</key>
			<string>Pods</string>
			<key>sourceTree</key>
			<string>&lt;group&gt;</string>
		</dict>
		<key>873936F24F07A78C88AB82C8</key>
		<dict>
			<key>explicitFileType</key>
			<string>archive.ar</string>
			<key>includeInIndex</key>
			<string>0</string>
			<key>isa</key>
			<string>PBXFileReference</string>
			<key>path</key>
			<string>libPods-DhammaTube.a</string>
			<key>sourceTree</key>
			<string>BUILT_PRODUCTS_DIR</string>
		</dict>
		<key>94616A9BF7F9505EA993B9AF</key>
		<dict>
			<key>fileRef</key>
			<string>873936F24F07A78C88AB82C8</string>
			<key>isa</key>
			<string>PBXBuildFile</string>
		</dict>
		<key>A5A9817996F40C6D329FE9D5</key>
		<dict>
			<key>buildActionMask</key>
			<string>2147483647</string>
			<key>files</key>
			<array/>
			<key>inputPaths</key>
			<array/>
			<key>isa</key>
			<string>PBXShellScriptBuildPhase</string>
			<key>name</key>
			<string>Check Pods Manifest.lock</string>
			<key>outputPaths</key>
			<array/>
			<key>runOnlyForDeploymentPostprocessing</key>
			<string>0</string>
			<key>shellPath</key>
			<string>/bin/sh</string>
			<key>shellScript</key>
			<string>diff "${PODS_ROOT}/../Podfile.lock" "${PODS_ROOT}/Manifest.lock" &gt; /dev/null
if [[ $? != 0 ]] ; then
    cat &lt;&lt; EOM
error: The sandbox is not in sync with the Podfile.lock. Run 'pod install' or update your CocoaPods installation.
EOM
    exit 1
fi
</string>
			<key>showEnvVarsInLog</key>
			<string>0</string>
		</dict>
		<key>AFC8CCC6EC1329132295916B</key>
		<dict>
			<key>children</key>
			<array>
				<string>2BB5385E1A5014F0005A0AA7</string>
				<string>2BB538561A4FED90005A0AA7</string>
				<string>2BBF8B9D1A4E8EBA00012472</string>
				<string>2BBF8B9B1A4E8EAA00012472</string>
				<string>2BBF8B991A4E8EA000012472</string>
				<string>2BBF8B1D1A4E4DA300012472</string>
				<string>2BBF8B1B1A4E4D8500012472</string>
				<string>873936F24F07A78C88AB82C8</string>
			</array>
			<key>isa</key>
			<string>PBXGroup</string>
			<key>name</key>
			<string>Frameworks</string>
			<key>sourceTree</key>
			<string>&lt;group&gt;</string>
		</dict>
		<key>BB30C18EBCB02AF062B7C809</key>
		<dict>
			<key>buildActionMask</key>
			<string>2147483647</string>
			<key>files</key>
			<array/>
			<key>inputPaths</key>
			<array/>
			<key>isa</key>
			<string>PBXShellScriptBuildPhase</string>
			<key>name</key>
			<string>Copy Pods Resources</string>
			<key>outputPaths</key>
			<array/>
			<key>runOnlyForDeploymentPostprocessing</key>
			<string>0</string>
			<key>shellPath</key>
			<string>/bin/sh</string>
			<key>shellScript</key>
			<string>"${SRCROOT}/Pods/Target Support Files/Pods-DhammaTube/Pods-DhammaTube-resources.sh"
</string>
			<key>showEnvVarsInLog</key>
			<string>0</string>
		</dict>
		<key>FFA394367738F1CA9EA4C853</key>
		<dict>
			<key>includeInIndex</key>
			<string>1</string>
			<key>isa</key>
			<string>PBXFileReference</string>
			<key>lastKnownFileType</key>
			<string>text.xcconfig</string>
			<key>name</key>
			<string>Pods-DhammaTube.release.xcconfig</string>
			<key>path</key>
			<string>Pods/Target Support Files/Pods-DhammaTube/Pods-DhammaTube.release.xcconfig</string>
			<key>sourceTree</key>
			<string>&lt;group&gt;</string>
		</dict>
	</dict>
	<key>rootObject</key>
	<string>2BBF8A881A4E356400012472</string>
</dict>
</plist>
