// !$*UTF8*$!
{
	archiveVersion = 1;
	classes = {
	};
	objectVersion = 46;
	objects = {

/* Begin PBXBuildFile section */
		2B58A2141A7600E2000DD1A8 /* main.m in Sources */ = {isa = PBXBuildFile; fileRef = 2B58A2131A7600E2000DD1A8 /* main.m */; };
		2B58A21D1A7600E2000DD1A8 /* Main.storyboard in Resources */ = {isa = PBXBuildFile; fileRef = 2B58A21B1A7600E2000DD1A8 /* Main.storyboard */; };
		2B58A21F1A7600E2000DD1A8 /* Images.xcassets in Resources */ = {isa = PBXBuildFile; fileRef = 2B58A21E1A7600E2000DD1A8 /* Images.xcassets */; };
		2B58A2221A7600E2000DD1A8 /* LaunchScreen.xib in Resources */ = {isa = PBXBuildFile; fileRef = 2B58A2201A7600E2000DD1A8 /* LaunchScreen.xib */; };
		2B58A22E1A7600E2000DD1A8 /* DhammaTubeTests.m in Sources */ = {isa = PBXBuildFile; fileRef = 2B58A22D1A7600E2000DD1A8 /* DhammaTubeTests.m */; };
		2B58A7B41A760B61000DD1A8 /* NIActions.m in Sources */ = {isa = PBXBuildFile; fileRef = 2B58A76C1A760B61000DD1A8 /* NIActions.m */; };
		2B58A7B51A760B61000DD1A8 /* NIButtonUtilities.m in Sources */ = {isa = PBXBuildFile; fileRef = 2B58A76E1A760B61000DD1A8 /* NIButtonUtilities.m */; };
		2B58A7B61A760B61000DD1A8 /* NICommonMetrics.m in Sources */ = {isa = PBXBuildFile; fileRef = 2B58A7701A760B61000DD1A8 /* NICommonMetrics.m */; };
		2B58A7B71A760B61000DD1A8 /* NIDataStructures.m in Sources */ = {isa = PBXBuildFile; fileRef = 2B58A7721A760B61000DD1A8 /* NIDataStructures.m */; };
		2B58A7B81A760B61000DD1A8 /* NIDebuggingTools.m in Sources */ = {isa = PBXBuildFile; fileRef = 2B58A7741A760B61000DD1A8 /* NIDebuggingTools.m */; };
		2B58A7B91A760B61000DD1A8 /* NIDeviceOrientation.m in Sources */ = {isa = PBXBuildFile; fileRef = 2B58A7761A760B61000DD1A8 /* NIDeviceOrientation.m */; };
		2B58A7BA1A760B61000DD1A8 /* NIError.m in Sources */ = {isa = PBXBuildFile; fileRef = 2B58A7781A760B61000DD1A8 /* NIError.m */; };
		2B58A7BB1A760B61000DD1A8 /* NIFoundationMethods.m in Sources */ = {isa = PBXBuildFile; fileRef = 2B58A77A1A760B61000DD1A8 /* NIFoundationMethods.m */; };
		2B58A7BC1A760B61000DD1A8 /* NIImageUtilities.m in Sources */ = {isa = PBXBuildFile; fileRef = 2B58A77C1A760B61000DD1A8 /* NIImageUtilities.m */; };
		2B58A7BD1A760B61000DD1A8 /* NIInMemoryCache.m in Sources */ = {isa = PBXBuildFile; fileRef = 2B58A77E1A760B61000DD1A8 /* NIInMemoryCache.m */; };
		2B58A7BE1A760B61000DD1A8 /* NINavigationAppearance.m in Sources */ = {isa = PBXBuildFile; fileRef = 2B58A7821A760B61000DD1A8 /* NINavigationAppearance.m */; };
		2B58A7BF1A760B61000DD1A8 /* NINetworkActivity.m in Sources */ = {isa = PBXBuildFile; fileRef = 2B58A7841A760B61000DD1A8 /* NINetworkActivity.m */; };
		2B58A7C01A760B61000DD1A8 /* NINonEmptyCollectionTesting.m in Sources */ = {isa = PBXBuildFile; fileRef = 2B58A7861A760B61000DD1A8 /* NINonEmptyCollectionTesting.m */; };
		2B58A7C11A760B61000DD1A8 /* NINonRetainingCollections.m in Sources */ = {isa = PBXBuildFile; fileRef = 2B58A7881A760B61000DD1A8 /* NINonRetainingCollections.m */; };
		2B58A7C21A760B61000DD1A8 /* NIOperations.m in Sources */ = {isa = PBXBuildFile; fileRef = 2B58A78B1A760B61000DD1A8 /* NIOperations.m */; };
		2B58A7C31A760B61000DD1A8 /* NIPaths.m in Sources */ = {isa = PBXBuildFile; fileRef = 2B58A78D1A760B61000DD1A8 /* NIPaths.m */; };
		2B58A7C41A760B61000DD1A8 /* NIRuntimeClassModifications.m in Sources */ = {isa = PBXBuildFile; fileRef = 2B58A7901A760B61000DD1A8 /* NIRuntimeClassModifications.m */; };
		2B58A7C51A760B61000DD1A8 /* NISDKAvailability.m in Sources */ = {isa = PBXBuildFile; fileRef = 2B58A7921A760B61000DD1A8 /* NISDKAvailability.m */; };
		2B58A7C61A760B61000DD1A8 /* NISnapshotRotation.m in Sources */ = {isa = PBXBuildFile; fileRef = 2B58A7941A760B61000DD1A8 /* NISnapshotRotation.m */; };
		2B58A7C71A760B61000DD1A8 /* NIState.m in Sources */ = {isa = PBXBuildFile; fileRef = 2B58A7961A760B61000DD1A8 /* NIState.m */; };
		2B58A7C81A760B61000DD1A8 /* NIViewRecycler.m in Sources */ = {isa = PBXBuildFile; fileRef = 2B58A7981A760B61000DD1A8 /* NIViewRecycler.m */; };
		2B58A7C91A760B61000DD1A8 /* UIResponder+NimbusCore.m in Sources */ = {isa = PBXBuildFile; fileRef = 2B58A79A1A760B61000DD1A8 /* UIResponder+NimbusCore.m */; };
		2B58A7CA1A760B61000DD1A8 /* NICellBackgrounds.m in Sources */ = {isa = PBXBuildFile; fileRef = 2B58A79D1A760B61000DD1A8 /* NICellBackgrounds.m */; };
		2B58A7CB1A760B61000DD1A8 /* NICellCatalog.m in Sources */ = {isa = PBXBuildFile; fileRef = 2B58A79F1A760B61000DD1A8 /* NICellCatalog.m */; };
		2B58A7CC1A760B61000DD1A8 /* NICellFactory.m in Sources */ = {isa = PBXBuildFile; fileRef = 2B58A7A21A760B61000DD1A8 /* NICellFactory.m */; };
		2B58A7CD1A760B61000DD1A8 /* NIFormCellCatalog.m in Sources */ = {isa = PBXBuildFile; fileRef = 2B58A7A41A760B61000DD1A8 /* NIFormCellCatalog.m */; };
		2B58A7CE1A760B61000DD1A8 /* NIMutableTableViewModel.m in Sources */ = {isa = PBXBuildFile; fileRef = 2B58A7A81A760B61000DD1A8 /* NIMutableTableViewModel.m */; };
		2B58A7CF1A760B61000DD1A8 /* NIRadioGroup.m in Sources */ = {isa = PBXBuildFile; fileRef = 2B58A7AA1A760B61000DD1A8 /* NIRadioGroup.m */; };
		2B58A7D01A760B61000DD1A8 /* NIRadioGroupController.m in Sources */ = {isa = PBXBuildFile; fileRef = 2B58A7AC1A760B61000DD1A8 /* NIRadioGroupController.m */; };
		2B58A7D11A760B61000DD1A8 /* NITableViewActions.m in Sources */ = {isa = PBXBuildFile; fileRef = 2B58A7AE1A760B61000DD1A8 /* NITableViewActions.m */; };
		2B58A7D21A760B61000DD1A8 /* NITableViewModel.m in Sources */ = {isa = PBXBuildFile; fileRef = 2B58A7B11A760B61000DD1A8 /* NITableViewModel.m */; };
		2B58A7D91A760B66000DD1A8 /* YTPlayerView-iframe-player.html in Resources */ = {isa = PBXBuildFile; fileRef = 2B58A7D31A760B66000DD1A8 /* YTPlayerView-iframe-player.html */; };
		2B58A7DA1A760B66000DD1A8 /* YTPlayerView.m in Sources */ = {isa = PBXBuildFile; fileRef = 2B58A7D61A760B66000DD1A8 /* YTPlayerView.m */; };
		2B58A8191A760B70000DD1A8 /* MagicalImportFunctions.m in Sources */ = {isa = PBXBuildFile; fileRef = 2B58A7DC1A760B70000DD1A8 /* MagicalImportFunctions.m */; };
		2B58A81A1A760B70000DD1A8 /* NSAttributeDescription+MagicalDataImport.m in Sources */ = {isa = PBXBuildFile; fileRef = 2B58A7DE1A760B70000DD1A8 /* NSAttributeDescription+MagicalDataImport.m */; };
		2B58A81B1A760B70000DD1A8 /* NSEntityDescription+MagicalDataImport.m in Sources */ = {isa = PBXBuildFile; fileRef = 2B58A7E01A760B70000DD1A8 /* NSEntityDescription+MagicalDataImport.m */; };
		2B58A81C1A760B70000DD1A8 /* NSNumber+MagicalDataImport.m in Sources */ = {isa = PBXBuildFile; fileRef = 2B58A7E21A760B70000DD1A8 /* NSNumber+MagicalDataImport.m */; };
		2B58A81D1A760B70000DD1A8 /* NSObject+MagicalDataImport.m in Sources */ = {isa = PBXBuildFile; fileRef = 2B58A7E41A760B70000DD1A8 /* NSObject+MagicalDataImport.m */; };
		2B58A81E1A760B70000DD1A8 /* NSRelationshipDescription+MagicalDataImport.m in Sources */ = {isa = PBXBuildFile; fileRef = 2B58A7E61A760B70000DD1A8 /* NSRelationshipDescription+MagicalDataImport.m */; };
		2B58A81F1A760B70000DD1A8 /* NSString+MagicalDataImport.m in Sources */ = {isa = PBXBuildFile; fileRef = 2B58A7E81A760B70000DD1A8 /* NSString+MagicalDataImport.m */; };
		2B58A8201A760B70000DD1A8 /* NSManagedObject+MagicalAggregation.m in Sources */ = {isa = PBXBuildFile; fileRef = 2B58A7EB1A760B70000DD1A8 /* NSManagedObject+MagicalAggregation.m */; };
		2B58A8211A760B70000DD1A8 /* NSManagedObject+MagicalDataImport.m in Sources */ = {isa = PBXBuildFile; fileRef = 2B58A7ED1A760B70000DD1A8 /* NSManagedObject+MagicalDataImport.m */; };
		2B58A8221A760B70000DD1A8 /* NSManagedObject+MagicalFinders.m in Sources */ = {isa = PBXBuildFile; fileRef = 2B58A7EF1A760B70000DD1A8 /* NSManagedObject+MagicalFinders.m */; };
		2B58A8231A760B70000DD1A8 /* NSManagedObject+MagicalRecord.m in Sources */ = {isa = PBXBuildFile; fileRef = 2B58A7F11A760B70000DD1A8 /* NSManagedObject+MagicalRecord.m */; };
		2B58A8241A760B70000DD1A8 /* NSManagedObject+MagicalRequests.m in Sources */ = {isa = PBXBuildFile; fileRef = 2B58A7F31A760B70000DD1A8 /* NSManagedObject+MagicalRequests.m */; };
		2B58A8251A760B70000DD1A8 /* NSManagedObjectContext+MagicalObserving.m in Sources */ = {isa = PBXBuildFile; fileRef = 2B58A7F61A760B70000DD1A8 /* NSManagedObjectContext+MagicalObserving.m */; };
		2B58A8261A760B70000DD1A8 /* NSManagedObjectContext+MagicalRecord.m in Sources */ = {isa = PBXBuildFile; fileRef = 2B58A7F81A760B70000DD1A8 /* NSManagedObjectContext+MagicalRecord.m */; };
		2B58A8271A760B70000DD1A8 /* NSManagedObjectContext+MagicalSaves.m in Sources */ = {isa = PBXBuildFile; fileRef = 2B58A7FA1A760B70000DD1A8 /* NSManagedObjectContext+MagicalSaves.m */; };
		2B58A8281A760B70000DD1A8 /* NSManagedObjectContext+MagicalThreading.m in Sources */ = {isa = PBXBuildFile; fileRef = 2B58A7FC1A760B70000DD1A8 /* NSManagedObjectContext+MagicalThreading.m */; };
		2B58A8291A760B70000DD1A8 /* NSManagedObjectModel+MagicalRecord.m in Sources */ = {isa = PBXBuildFile; fileRef = 2B58A7FF1A760B70000DD1A8 /* NSManagedObjectModel+MagicalRecord.m */; };
		2B58A82A1A760B70000DD1A8 /* NSPersistentStore+MagicalRecord.m in Sources */ = {isa = PBXBuildFile; fileRef = 2B58A8011A760B70000DD1A8 /* NSPersistentStore+MagicalRecord.m */; };
		2B58A82B1A760B70000DD1A8 /* NSPersistentStoreCoordinator+MagicalRecord.m in Sources */ = {isa = PBXBuildFile; fileRef = 2B58A8031A760B70000DD1A8 /* NSPersistentStoreCoordinator+MagicalRecord.m */; };
		2B58A82C1A760B70000DD1A8 /* MagicalRecord+Actions.m in Sources */ = {isa = PBXBuildFile; fileRef = 2B58A8061A760B70000DD1A8 /* MagicalRecord+Actions.m */; };
		2B58A82D1A760B70000DD1A8 /* MagicalRecord+ErrorHandling.m in Sources */ = {isa = PBXBuildFile; fileRef = 2B58A8081A760B70000DD1A8 /* MagicalRecord+ErrorHandling.m */; };
		2B58A82E1A760B70000DD1A8 /* MagicalRecord+iCloud.m in Sources */ = {isa = PBXBuildFile; fileRef = 2B58A80A1A760B70000DD1A8 /* MagicalRecord+iCloud.m */; };
		2B58A82F1A760B70000DD1A8 /* MagicalRecord+Options.m in Sources */ = {isa = PBXBuildFile; fileRef = 2B58A80C1A760B70000DD1A8 /* MagicalRecord+Options.m */; };
		2B58A8301A760B70000DD1A8 /* MagicalRecord+Setup.m in Sources */ = {isa = PBXBuildFile; fileRef = 2B58A80E1A760B70000DD1A8 /* MagicalRecord+Setup.m */; };
		2B58A8311A760B70000DD1A8 /* MagicalRecord+ShorthandSupport.m in Sources */ = {isa = PBXBuildFile; fileRef = 2B58A8101A760B70000DD1A8 /* MagicalRecord+ShorthandSupport.m */; };
		2B58A8321A760B70000DD1A8 /* MagicalRecord.m in Sources */ = {isa = PBXBuildFile; fileRef = 2B58A8121A760B70000DD1A8 /* MagicalRecord.m */; };
		2B58A84C1A760BA5000DD1A8 /* GlobalData.m in Sources */ = {isa = PBXBuildFile; fileRef = 2B58A8341A760BA5000DD1A8 /* GlobalData.m */; };
		2B58A84D1A760BA5000DD1A8 /* YoutubeAPICommunicator.m in Sources */ = {isa = PBXBuildFile; fileRef = 2B58A8371A760BA5000DD1A8 /* YoutubeAPICommunicator.m */; };
		2B58A84E1A760BA5000DD1A8 /* MenuViewController.m in Sources */ = {isa = PBXBuildFile; fileRef = 2B58A83A1A760BA5000DD1A8 /* MenuViewController.m */; };
		2B58A84F1A760BA5000DD1A8 /* PlaylistsViewController.m in Sources */ = {isa = PBXBuildFile; fileRef = 2B58A83C1A760BA5000DD1A8 /* PlaylistsViewController.m */; };
		2B58A8501A760BA5000DD1A8 /* VideoListViewController.m in Sources */ = {isa = PBXBuildFile; fileRef = 2B58A83E1A760BA5000DD1A8 /* VideoListViewController.m */; };
		2B58A8511A760BA5000DD1A8 /* VideoViewController.m in Sources */ = {isa = PBXBuildFile; fileRef = 2B58A8411A760BA5000DD1A8 /* VideoViewController.m */; };
		2B58A8521A760BA5000DD1A8 /* DhammadipaYoutube.xcdatamodeld in Resources */ = {isa = PBXBuildFile; fileRef = 2B58A8441A760BA5000DD1A8 /* DhammadipaYoutube.xcdatamodeld */; };
		2B58A8531A760BA5000DD1A8 /* Playlist.m in Sources */ = {isa = PBXBuildFile; fileRef = 2B58A8461A760BA5000DD1A8 /* Playlist.m */; };
		2B58A8541A760BA5000DD1A8 /* Channel.m in Sources */ = {isa = PBXBuildFile; fileRef = 2B58A8481A760BA5000DD1A8 /* Channel.m */; };
		2B58A8551A760BA5000DD1A8 /* Video.m in Sources */ = {isa = PBXBuildFile; fileRef = 2B58A84A1A760BA5000DD1A8 /* Video.m */; };
		2B58A8581A760BC6000DD1A8 /* AppDelegate.m in Sources */ = {isa = PBXBuildFile; fileRef = 2B58A8571A760BC6000DD1A8 /* AppDelegate.m */; };
		2B58A86A1A760C7A000DD1A8 /* CoreData.framework in Frameworks */ = {isa = PBXBuildFile; fileRef = 2B58A8691A760C7A000DD1A8 /* CoreData.framework */; };
/* End PBXBuildFile section */

/* Begin PBXContainerItemProxy section */
		2B58A2281A7600E2000DD1A8 /* PBXContainerItemProxy */ = {
			isa = PBXContainerItemProxy;
			containerPortal = 2B58A2061A7600E2000DD1A8 /* Project object */;
			proxyType = 1;
			remoteGlobalIDString = 2B58A20D1A7600E2000DD1A8;
			remoteInfo = DhammaTube;
		};
/* End PBXContainerItemProxy section */

/* Begin PBXFileReference section */
		2B58A20E1A7600E2000DD1A8 /* DhammaTube.app */ = {isa = PBXFileReference; explicitFileType = wrapper.application; includeInIndex = 0; path = DhammaTube.app; sourceTree = BUILT_PRODUCTS_DIR; };
		2B58A2121A7600E2000DD1A8 /* Info.plist */ = {isa = PBXFileReference; lastKnownFileType = text.plist.xml; path = Info.plist; sourceTree = "<group>"; };
		2B58A2131A7600E2000DD1A8 /* main.m */ = {isa = PBXFileReference; lastKnownFileType = sourcecode.c.objc; path = main.m; sourceTree = "<group>"; };
		2B58A21C1A7600E2000DD1A8 /* Base */ = {isa = PBXFileReference; lastKnownFileType = file.storyboard; name = Base; path = Base.lproj/Main.storyboard; sourceTree = "<group>"; };
		2B58A21E1A7600E2000DD1A8 /* Images.xcassets */ = {isa = PBXFileReference; lastKnownFileType = folder.assetcatalog; path = Images.xcassets; sourceTree = "<group>"; };
		2B58A2211A7600E2000DD1A8 /* Base */ = {isa = PBXFileReference; lastKnownFileType = file.xib; name = Base; path = Base.lproj/LaunchScreen.xib; sourceTree = "<group>"; };
		2B58A2271A7600E2000DD1A8 /* DhammaTubeTests.xctest */ = {isa = PBXFileReference; explicitFileType = wrapper.cfbundle; includeInIndex = 0; path = DhammaTubeTests.xctest; sourceTree = BUILT_PRODUCTS_DIR; };
		2B58A22C1A7600E2000DD1A8 /* Info.plist */ = {isa = PBXFileReference; lastKnownFileType = text.plist.xml; path = Info.plist; sourceTree = "<group>"; };
		2B58A22D1A7600E2000DD1A8 /* DhammaTubeTests.m */ = {isa = PBXFileReference; lastKnownFileType = sourcecode.c.objc; path = DhammaTubeTests.m; sourceTree = "<group>"; };
		2B58A76A1A760B61000DD1A8 /* NIActions+Subclassing.h */ = {isa = PBXFileReference; fileEncoding = 4; lastKnownFileType = sourcecode.c.h; path = "NIActions+Subclassing.h"; sourceTree = "<group>"; };
		2B58A76B1A760B61000DD1A8 /* NIActions.h */ = {isa = PBXFileReference; fileEncoding = 4; lastKnownFileType = sourcecode.c.h; path = NIActions.h; sourceTree = "<group>"; };
		2B58A76C1A760B61000DD1A8 /* NIActions.m */ = {isa = PBXFileReference; fileEncoding = 4; lastKnownFileType = sourcecode.c.objc; path = NIActions.m; sourceTree = "<group>"; };
		2B58A76D1A760B61000DD1A8 /* NIButtonUtilities.h */ = {isa = PBXFileReference; fileEncoding = 4; lastKnownFileType = sourcecode.c.h; path = NIButtonUtilities.h; sourceTree = "<group>"; };
		2B58A76E1A760B61000DD1A8 /* NIButtonUtilities.m */ = {isa = PBXFileReference; fileEncoding = 4; lastKnownFileType = sourcecode.c.objc; path = NIButtonUtilities.m; sourceTree = "<group>"; };
		2B58A76F1A760B61000DD1A8 /* NICommonMetrics.h */ = {isa = PBXFileReference; fileEncoding = 4; lastKnownFileType = sourcecode.c.h; path = NICommonMetrics.h; sourceTree = "<group>"; };
		2B58A7701A760B61000DD1A8 /* NICommonMetrics.m */ = {isa = PBXFileReference; fileEncoding = 4; lastKnownFileType = sourcecode.c.objc; path = NICommonMetrics.m; sourceTree = "<group>"; };
		2B58A7711A760B61000DD1A8 /* NIDataStructures.h */ = {isa = PBXFileReference; fileEncoding = 4; lastKnownFileType = sourcecode.c.h; path = NIDataStructures.h; sourceTree = "<group>"; };
		2B58A7721A760B61000DD1A8 /* NIDataStructures.m */ = {isa = PBXFileReference; fileEncoding = 4; lastKnownFileType = sourcecode.c.objc; path = NIDataStructures.m; sourceTree = "<group>"; };
		2B58A7731A760B61000DD1A8 /* NIDebuggingTools.h */ = {isa = PBXFileReference; fileEncoding = 4; lastKnownFileType = sourcecode.c.h; path = NIDebuggingTools.h; sourceTree = "<group>"; };
		2B58A7741A760B61000DD1A8 /* NIDebuggingTools.m */ = {isa = PBXFileReference; fileEncoding = 4; lastKnownFileType = sourcecode.c.objc; path = NIDebuggingTools.m; sourceTree = "<group>"; };
		2B58A7751A760B61000DD1A8 /* NIDeviceOrientation.h */ = {isa = PBXFileReference; fileEncoding = 4; lastKnownFileType = sourcecode.c.h; path = NIDeviceOrientation.h; sourceTree = "<group>"; };
		2B58A7761A760B61000DD1A8 /* NIDeviceOrientation.m */ = {isa = PBXFileReference; fileEncoding = 4; lastKnownFileType = sourcecode.c.objc; path = NIDeviceOrientation.m; sourceTree = "<group>"; };
		2B58A7771A760B61000DD1A8 /* NIError.h */ = {isa = PBXFileReference; fileEncoding = 4; lastKnownFileType = sourcecode.c.h; path = NIError.h; sourceTree = "<group>"; };
		2B58A7781A760B61000DD1A8 /* NIError.m */ = {isa = PBXFileReference; fileEncoding = 4; lastKnownFileType = sourcecode.c.objc; path = NIError.m; sourceTree = "<group>"; };
		2B58A7791A760B61000DD1A8 /* NIFoundationMethods.h */ = {isa = PBXFileReference; fileEncoding = 4; lastKnownFileType = sourcecode.c.h; path = NIFoundationMethods.h; sourceTree = "<group>"; };
		2B58A77A1A760B61000DD1A8 /* NIFoundationMethods.m */ = {isa = PBXFileReference; fileEncoding = 4; lastKnownFileType = sourcecode.c.objc; path = NIFoundationMethods.m; sourceTree = "<group>"; };
		2B58A77B1A760B61000DD1A8 /* NIImageUtilities.h */ = {isa = PBXFileReference; fileEncoding = 4; lastKnownFileType = sourcecode.c.h; path = NIImageUtilities.h; sourceTree = "<group>"; };
		2B58A77C1A760B61000DD1A8 /* NIImageUtilities.m */ = {isa = PBXFileReference; fileEncoding = 4; lastKnownFileType = sourcecode.c.objc; path = NIImageUtilities.m; sourceTree = "<group>"; };
		2B58A77D1A760B61000DD1A8 /* NIInMemoryCache.h */ = {isa = PBXFileReference; fileEncoding = 4; lastKnownFileType = sourcecode.c.h; path = NIInMemoryCache.h; sourceTree = "<group>"; };
		2B58A77E1A760B61000DD1A8 /* NIInMemoryCache.m */ = {isa = PBXFileReference; fileEncoding = 4; lastKnownFileType = sourcecode.c.objc; path = NIInMemoryCache.m; sourceTree = "<group>"; };
		2B58A77F1A760B61000DD1A8 /* NimbusCore+Additions.h */ = {isa = PBXFileReference; fileEncoding = 4; lastKnownFileType = sourcecode.c.h; path = "NimbusCore+Additions.h"; sourceTree = "<group>"; };
		2B58A7801A760B61000DD1A8 /* NimbusCore.h */ = {isa = PBXFileReference; fileEncoding = 4; lastKnownFileType = sourcecode.c.h; path = NimbusCore.h; sourceTree = "<group>"; };
		2B58A7811A760B61000DD1A8 /* NINavigationAppearance.h */ = {isa = PBXFileReference; fileEncoding = 4; lastKnownFileType = sourcecode.c.h; path = NINavigationAppearance.h; sourceTree = "<group>"; };
		2B58A7821A760B61000DD1A8 /* NINavigationAppearance.m */ = {isa = PBXFileReference; fileEncoding = 4; lastKnownFileType = sourcecode.c.objc; path = NINavigationAppearance.m; sourceTree = "<group>"; };
		2B58A7831A760B61000DD1A8 /* NINetworkActivity.h */ = {isa = PBXFileReference; fileEncoding = 4; lastKnownFileType = sourcecode.c.h; path = NINetworkActivity.h; sourceTree = "<group>"; };
		2B58A7841A760B61000DD1A8 /* NINetworkActivity.m */ = {isa = PBXFileReference; fileEncoding = 4; lastKnownFileType = sourcecode.c.objc; path = NINetworkActivity.m; sourceTree = "<group>"; };
		2B58A7851A760B61000DD1A8 /* NINonEmptyCollectionTesting.h */ = {isa = PBXFileReference; fileEncoding = 4; lastKnownFileType = sourcecode.c.h; path = NINonEmptyCollectionTesting.h; sourceTree = "<group>"; };
		2B58A7861A760B61000DD1A8 /* NINonEmptyCollectionTesting.m */ = {isa = PBXFileReference; fileEncoding = 4; lastKnownFileType = sourcecode.c.objc; path = NINonEmptyCollectionTesting.m; sourceTree = "<group>"; };
		2B58A7871A760B61000DD1A8 /* NINonRetainingCollections.h */ = {isa = PBXFileReference; fileEncoding = 4; lastKnownFileType = sourcecode.c.h; path = NINonRetainingCollections.h; sourceTree = "<group>"; };
		2B58A7881A760B61000DD1A8 /* NINonRetainingCollections.m */ = {isa = PBXFileReference; fileEncoding = 4; lastKnownFileType = sourcecode.c.objc; path = NINonRetainingCollections.m; sourceTree = "<group>"; };
		2B58A7891A760B61000DD1A8 /* NIOperations+Subclassing.h */ = {isa = PBXFileReference; fileEncoding = 4; lastKnownFileType = sourcecode.c.h; path = "NIOperations+Subclassing.h"; sourceTree = "<group>"; };
		2B58A78A1A760B61000DD1A8 /* NIOperations.h */ = {isa = PBXFileReference; fileEncoding = 4; lastKnownFileType = sourcecode.c.h; path = NIOperations.h; sourceTree = "<group>"; };
		2B58A78B1A760B61000DD1A8 /* NIOperations.m */ = {isa = PBXFileReference; fileEncoding = 4; lastKnownFileType = sourcecode.c.objc; path = NIOperations.m; sourceTree = "<group>"; };
		2B58A78C1A760B61000DD1A8 /* NIPaths.h */ = {isa = PBXFileReference; fileEncoding = 4; lastKnownFileType = sourcecode.c.h; path = NIPaths.h; sourceTree = "<group>"; };
		2B58A78D1A760B61000DD1A8 /* NIPaths.m */ = {isa = PBXFileReference; fileEncoding = 4; lastKnownFileType = sourcecode.c.objc; path = NIPaths.m; sourceTree = "<group>"; };
		2B58A78E1A760B61000DD1A8 /* NIPreprocessorMacros.h */ = {isa = PBXFileReference; fileEncoding = 4; lastKnownFileType = sourcecode.c.h; path = NIPreprocessorMacros.h; sourceTree = "<group>"; };
		2B58A78F1A760B61000DD1A8 /* NIRuntimeClassModifications.h */ = {isa = PBXFileReference; fileEncoding = 4; lastKnownFileType = sourcecode.c.h; path = NIRuntimeClassModifications.h; sourceTree = "<group>"; };
		2B58A7901A760B61000DD1A8 /* NIRuntimeClassModifications.m */ = {isa = PBXFileReference; fileEncoding = 4; lastKnownFileType = sourcecode.c.objc; path = NIRuntimeClassModifications.m; sourceTree = "<group>"; };
		2B58A7911A760B61000DD1A8 /* NISDKAvailability.h */ = {isa = PBXFileReference; fileEncoding = 4; lastKnownFileType = sourcecode.c.h; path = NISDKAvailability.h; sourceTree = "<group>"; };
		2B58A7921A760B61000DD1A8 /* NISDKAvailability.m */ = {isa = PBXFileReference; fileEncoding = 4; lastKnownFileType = sourcecode.c.objc; path = NISDKAvailability.m; sourceTree = "<group>"; };
		2B58A7931A760B61000DD1A8 /* NISnapshotRotation.h */ = {isa = PBXFileReference; fileEncoding = 4; lastKnownFileType = sourcecode.c.h; path = NISnapshotRotation.h; sourceTree = "<group>"; };
		2B58A7941A760B61000DD1A8 /* NISnapshotRotation.m */ = {isa = PBXFileReference; fileEncoding = 4; lastKnownFileType = sourcecode.c.objc; path = NISnapshotRotation.m; sourceTree = "<group>"; };
		2B58A7951A760B61000DD1A8 /* NIState.h */ = {isa = PBXFileReference; fileEncoding = 4; lastKnownFileType = sourcecode.c.h; path = NIState.h; sourceTree = "<group>"; };
		2B58A7961A760B61000DD1A8 /* NIState.m */ = {isa = PBXFileReference; fileEncoding = 4; lastKnownFileType = sourcecode.c.objc; path = NIState.m; sourceTree = "<group>"; };
		2B58A7971A760B61000DD1A8 /* NIViewRecycler.h */ = {isa = PBXFileReference; fileEncoding = 4; lastKnownFileType = sourcecode.c.h; path = NIViewRecycler.h; sourceTree = "<group>"; };
		2B58A7981A760B61000DD1A8 /* NIViewRecycler.m */ = {isa = PBXFileReference; fileEncoding = 4; lastKnownFileType = sourcecode.c.objc; path = NIViewRecycler.m; sourceTree = "<group>"; };
		2B58A7991A760B61000DD1A8 /* UIResponder+NimbusCore.h */ = {isa = PBXFileReference; fileEncoding = 4; lastKnownFileType = sourcecode.c.h; path = "UIResponder+NimbusCore.h"; sourceTree = "<group>"; };
		2B58A79A1A760B61000DD1A8 /* UIResponder+NimbusCore.m */ = {isa = PBXFileReference; fileEncoding = 4; lastKnownFileType = sourcecode.c.objc; path = "UIResponder+NimbusCore.m"; sourceTree = "<group>"; };
		2B58A79C1A760B61000DD1A8 /* NICellBackgrounds.h */ = {isa = PBXFileReference; fileEncoding = 4; lastKnownFileType = sourcecode.c.h; path = NICellBackgrounds.h; sourceTree = "<group>"; };
		2B58A79D1A760B61000DD1A8 /* NICellBackgrounds.m */ = {isa = PBXFileReference; fileEncoding = 4; lastKnownFileType = sourcecode.c.objc; path = NICellBackgrounds.m; sourceTree = "<group>"; };
		2B58A79E1A760B61000DD1A8 /* NICellCatalog.h */ = {isa = PBXFileReference; fileEncoding = 4; lastKnownFileType = sourcecode.c.h; path = NICellCatalog.h; sourceTree = "<group>"; };
		2B58A79F1A760B61000DD1A8 /* NICellCatalog.m */ = {isa = PBXFileReference; fileEncoding = 4; lastKnownFileType = sourcecode.c.objc; path = NICellCatalog.m; sourceTree = "<group>"; };
		2B58A7A01A760B61000DD1A8 /* NICellFactory+Private.h */ = {isa = PBXFileReference; fileEncoding = 4; lastKnownFileType = sourcecode.c.h; path = "NICellFactory+Private.h"; sourceTree = "<group>"; };
		2B58A7A11A760B61000DD1A8 /* NICellFactory.h */ = {isa = PBXFileReference; fileEncoding = 4; lastKnownFileType = sourcecode.c.h; path = NICellFactory.h; sourceTree = "<group>"; };
		2B58A7A21A760B61000DD1A8 /* NICellFactory.m */ = {isa = PBXFileReference; fileEncoding = 4; lastKnownFileType = sourcecode.c.objc; path = NICellFactory.m; sourceTree = "<group>"; };
		2B58A7A31A760B61000DD1A8 /* NIFormCellCatalog.h */ = {isa = PBXFileReference; fileEncoding = 4; lastKnownFileType = sourcecode.c.h; path = NIFormCellCatalog.h; sourceTree = "<group>"; };
		2B58A7A41A760B61000DD1A8 /* NIFormCellCatalog.m */ = {isa = PBXFileReference; fileEncoding = 4; lastKnownFileType = sourcecode.c.objc; path = NIFormCellCatalog.m; sourceTree = "<group>"; };
		2B58A7A51A760B61000DD1A8 /* NimbusModels.h */ = {isa = PBXFileReference; fileEncoding = 4; lastKnownFileType = sourcecode.c.h; path = NimbusModels.h; sourceTree = "<group>"; };
		2B58A7A61A760B61000DD1A8 /* NIMutableTableViewModel+Private.h */ = {isa = PBXFileReference; fileEncoding = 4; lastKnownFileType = sourcecode.c.h; path = "NIMutableTableViewModel+Private.h"; sourceTree = "<group>"; };
		2B58A7A71A760B61000DD1A8 /* NIMutableTableViewModel.h */ = {isa = PBXFileReference; fileEncoding = 4; lastKnownFileType = sourcecode.c.h; path = NIMutableTableViewModel.h; sourceTree = "<group>"; };
		2B58A7A81A760B61000DD1A8 /* NIMutableTableViewModel.m */ = {isa = PBXFileReference; fileEncoding = 4; lastKnownFileType = sourcecode.c.objc; path = NIMutableTableViewModel.m; sourceTree = "<group>"; };
		2B58A7A91A760B61000DD1A8 /* NIRadioGroup.h */ = {isa = PBXFileReference; fileEncoding = 4; lastKnownFileType = sourcecode.c.h; path = NIRadioGroup.h; sourceTree = "<group>"; };
		2B58A7AA1A760B61000DD1A8 /* NIRadioGroup.m */ = {isa = PBXFileReference; fileEncoding = 4; lastKnownFileType = sourcecode.c.objc; path = NIRadioGroup.m; sourceTree = "<group>"; };
		2B58A7AB1A760B61000DD1A8 /* NIRadioGroupController.h */ = {isa = PBXFileReference; fileEncoding = 4; lastKnownFileType = sourcecode.c.h; path = NIRadioGroupController.h; sourceTree = "<group>"; };
		2B58A7AC1A760B61000DD1A8 /* NIRadioGroupController.m */ = {isa = PBXFileReference; fileEncoding = 4; lastKnownFileType = sourcecode.c.objc; path = NIRadioGroupController.m; sourceTree = "<group>"; };
		2B58A7AD1A760B61000DD1A8 /* NITableViewActions.h */ = {isa = PBXFileReference; fileEncoding = 4; lastKnownFileType = sourcecode.c.h; path = NITableViewActions.h; sourceTree = "<group>"; };
		2B58A7AE1A760B61000DD1A8 /* NITableViewActions.m */ = {isa = PBXFileReference; fileEncoding = 4; lastKnownFileType = sourcecode.c.objc; path = NITableViewActions.m; sourceTree = "<group>"; };
		2B58A7AF1A760B61000DD1A8 /* NITableViewModel+Private.h */ = {isa = PBXFileReference; fileEncoding = 4; lastKnownFileType = sourcecode.c.h; path = "NITableViewModel+Private.h"; sourceTree = "<group>"; };
		2B58A7B01A760B61000DD1A8 /* NITableViewModel.h */ = {isa = PBXFileReference; fileEncoding = 4; lastKnownFileType = sourcecode.c.h; path = NITableViewModel.h; sourceTree = "<group>"; };
		2B58A7B11A760B61000DD1A8 /* NITableViewModel.m */ = {isa = PBXFileReference; fileEncoding = 4; lastKnownFileType = sourcecode.c.objc; path = NITableViewModel.m; sourceTree = "<group>"; };
		2B58A7D31A760B66000DD1A8 /* YTPlayerView-iframe-player.html */ = {isa = PBXFileReference; fileEncoding = 4; lastKnownFileType = text.html; path = "YTPlayerView-iframe-player.html"; sourceTree = "<group>"; };
		2B58A7D51A760B66000DD1A8 /* YTPlayerView.h */ = {isa = PBXFileReference; fileEncoding = 4; lastKnownFileType = sourcecode.c.h; path = YTPlayerView.h; sourceTree = "<group>"; };
		2B58A7D61A760B66000DD1A8 /* YTPlayerView.m */ = {isa = PBXFileReference; fileEncoding = 4; lastKnownFileType = sourcecode.c.objc; path = YTPlayerView.m; sourceTree = "<group>"; };
		2B58A7DB1A760B70000DD1A8 /* MagicalImportFunctions.h */ = {isa = PBXFileReference; fileEncoding = 4; lastKnownFileType = sourcecode.c.h; path = MagicalImportFunctions.h; sourceTree = "<group>"; };
		2B58A7DC1A760B70000DD1A8 /* MagicalImportFunctions.m */ = {isa = PBXFileReference; fileEncoding = 4; lastKnownFileType = sourcecode.c.objc; path = MagicalImportFunctions.m; sourceTree = "<group>"; };
		2B58A7DD1A760B70000DD1A8 /* NSAttributeDescription+MagicalDataImport.h */ = {isa = PBXFileReference; fileEncoding = 4; lastKnownFileType = sourcecode.c.h; path = "NSAttributeDescription+MagicalDataImport.h"; sourceTree = "<group>"; };
		2B58A7DE1A760B70000DD1A8 /* NSAttributeDescription+MagicalDataImport.m */ = {isa = PBXFileReference; fileEncoding = 4; lastKnownFileType = sourcecode.c.objc; path = "NSAttributeDescription+MagicalDataImport.m"; sourceTree = "<group>"; };
		2B58A7DF1A760B70000DD1A8 /* NSEntityDescription+MagicalDataImport.h */ = {isa = PBXFileReference; fileEncoding = 4; lastKnownFileType = sourcecode.c.h; path = "NSEntityDescription+MagicalDataImport.h"; sourceTree = "<group>"; };
		2B58A7E01A760B70000DD1A8 /* NSEntityDescription+MagicalDataImport.m */ = {isa = PBXFileReference; fileEncoding = 4; lastKnownFileType = sourcecode.c.objc; path = "NSEntityDescription+MagicalDataImport.m"; sourceTree = "<group>"; };
		2B58A7E11A760B70000DD1A8 /* NSNumber+MagicalDataImport.h */ = {isa = PBXFileReference; fileEncoding = 4; lastKnownFileType = sourcecode.c.h; path = "NSNumber+MagicalDataImport.h"; sourceTree = "<group>"; };
		2B58A7E21A760B70000DD1A8 /* NSNumber+MagicalDataImport.m */ = {isa = PBXFileReference; fileEncoding = 4; lastKnownFileType = sourcecode.c.objc; path = "NSNumber+MagicalDataImport.m"; sourceTree = "<group>"; };
		2B58A7E31A760B70000DD1A8 /* NSObject+MagicalDataImport.h */ = {isa = PBXFileReference; fileEncoding = 4; lastKnownFileType = sourcecode.c.h; path = "NSObject+MagicalDataImport.h"; sourceTree = "<group>"; };
		2B58A7E41A760B70000DD1A8 /* NSObject+MagicalDataImport.m */ = {isa = PBXFileReference; fileEncoding = 4; lastKnownFileType = sourcecode.c.objc; path = "NSObject+MagicalDataImport.m"; sourceTree = "<group>"; };
		2B58A7E51A760B70000DD1A8 /* NSRelationshipDescription+MagicalDataImport.h */ = {isa = PBXFileReference; fileEncoding = 4; lastKnownFileType = sourcecode.c.h; path = "NSRelationshipDescription+MagicalDataImport.h"; sourceTree = "<group>"; };
		2B58A7E61A760B70000DD1A8 /* NSRelationshipDescription+MagicalDataImport.m */ = {isa = PBXFileReference; fileEncoding = 4; lastKnownFileType = sourcecode.c.objc; path = "NSRelationshipDescription+MagicalDataImport.m"; sourceTree = "<group>"; };
		2B58A7E71A760B70000DD1A8 /* NSString+MagicalDataImport.h */ = {isa = PBXFileReference; fileEncoding = 4; lastKnownFileType = sourcecode.c.h; path = "NSString+MagicalDataImport.h"; sourceTree = "<group>"; };
		2B58A7E81A760B70000DD1A8 /* NSString+MagicalDataImport.m */ = {isa = PBXFileReference; fileEncoding = 4; lastKnownFileType = sourcecode.c.objc; path = "NSString+MagicalDataImport.m"; sourceTree = "<group>"; };
		2B58A7EA1A760B70000DD1A8 /* NSManagedObject+MagicalAggregation.h */ = {isa = PBXFileReference; fileEncoding = 4; lastKnownFileType = sourcecode.c.h; path = "NSManagedObject+MagicalAggregation.h"; sourceTree = "<group>"; };
		2B58A7EB1A760B70000DD1A8 /* NSManagedObject+MagicalAggregation.m */ = {isa = PBXFileReference; fileEncoding = 4; lastKnownFileType = sourcecode.c.objc; path = "NSManagedObject+MagicalAggregation.m"; sourceTree = "<group>"; };
		2B58A7EC1A760B70000DD1A8 /* NSManagedObject+MagicalDataImport.h */ = {isa = PBXFileReference; fileEncoding = 4; lastKnownFileType = sourcecode.c.h; path = "NSManagedObject+MagicalDataImport.h"; sourceTree = "<group>"; };
		2B58A7ED1A760B70000DD1A8 /* NSManagedObject+MagicalDataImport.m */ = {isa = PBXFileReference; fileEncoding = 4; lastKnownFileType = sourcecode.c.objc; path = "NSManagedObject+MagicalDataImport.m"; sourceTree = "<group>"; };
		2B58A7EE1A760B70000DD1A8 /* NSManagedObject+MagicalFinders.h */ = {isa = PBXFileReference; fileEncoding = 4; lastKnownFileType = sourcecode.c.h; path = "NSManagedObject+MagicalFinders.h"; sourceTree = "<group>"; };
		2B58A7EF1A760B70000DD1A8 /* NSManagedObject+MagicalFinders.m */ = {isa = PBXFileReference; fileEncoding = 4; lastKnownFileType = sourcecode.c.objc; path = "NSManagedObject+MagicalFinders.m"; sourceTree = "<group>"; };
		2B58A7F01A760B70000DD1A8 /* NSManagedObject+MagicalRecord.h */ = {isa = PBXFileReference; fileEncoding = 4; lastKnownFileType = sourcecode.c.h; path = "NSManagedObject+MagicalRecord.h"; sourceTree = "<group>"; };
		2B58A7F11A760B70000DD1A8 /* NSManagedObject+MagicalRecord.m */ = {isa = PBXFileReference; fileEncoding = 4; lastKnownFileType = sourcecode.c.objc; path = "NSManagedObject+MagicalRecord.m"; sourceTree = "<group>"; };
		2B58A7F21A760B70000DD1A8 /* NSManagedObject+MagicalRequests.h */ = {isa = PBXFileReference; fileEncoding = 4; lastKnownFileType = sourcecode.c.h; path = "NSManagedObject+MagicalRequests.h"; sourceTree = "<group>"; };
		2B58A7F31A760B70000DD1A8 /* NSManagedObject+MagicalRequests.m */ = {isa = PBXFileReference; fileEncoding = 4; lastKnownFileType = sourcecode.c.objc; path = "NSManagedObject+MagicalRequests.m"; sourceTree = "<group>"; };
		2B58A7F51A760B70000DD1A8 /* NSManagedObjectContext+MagicalObserving.h */ = {isa = PBXFileReference; fileEncoding = 4; lastKnownFileType = sourcecode.c.h; path = "NSManagedObjectContext+MagicalObserving.h"; sourceTree = "<group>"; };
		2B58A7F61A760B70000DD1A8 /* NSManagedObjectContext+MagicalObserving.m */ = {isa = PBXFileReference; fileEncoding = 4; lastKnownFileType = sourcecode.c.objc; path = "NSManagedObjectContext+MagicalObserving.m"; sourceTree = "<group>"; };
		2B58A7F71A760B70000DD1A8 /* NSManagedObjectContext+MagicalRecord.h */ = {isa = PBXFileReference; fileEncoding = 4; lastKnownFileType = sourcecode.c.h; path = "NSManagedObjectContext+MagicalRecord.h"; sourceTree = "<group>"; };
		2B58A7F81A760B70000DD1A8 /* NSManagedObjectContext+MagicalRecord.m */ = {isa = PBXFileReference; fileEncoding = 4; lastKnownFileType = sourcecode.c.objc; path = "NSManagedObjectContext+MagicalRecord.m"; sourceTree = "<group>"; };
		2B58A7F91A760B70000DD1A8 /* NSManagedObjectContext+MagicalSaves.h */ = {isa = PBXFileReference; fileEncoding = 4; lastKnownFileType = sourcecode.c.h; path = "NSManagedObjectContext+MagicalSaves.h"; sourceTree = "<group>"; };
		2B58A7FA1A760B70000DD1A8 /* NSManagedObjectContext+MagicalSaves.m */ = {isa = PBXFileReference; fileEncoding = 4; lastKnownFileType = sourcecode.c.objc; path = "NSManagedObjectContext+MagicalSaves.m"; sourceTree = "<group>"; };
		2B58A7FB1A760B70000DD1A8 /* NSManagedObjectContext+MagicalThreading.h */ = {isa = PBXFileReference; fileEncoding = 4; lastKnownFileType = sourcecode.c.h; path = "NSManagedObjectContext+MagicalThreading.h"; sourceTree = "<group>"; };
		2B58A7FC1A760B70000DD1A8 /* NSManagedObjectContext+MagicalThreading.m */ = {isa = PBXFileReference; fileEncoding = 4; lastKnownFileType = sourcecode.c.objc; path = "NSManagedObjectContext+MagicalThreading.m"; sourceTree = "<group>"; };
		2B58A7FE1A760B70000DD1A8 /* NSManagedObjectModel+MagicalRecord.h */ = {isa = PBXFileReference; fileEncoding = 4; lastKnownFileType = sourcecode.c.h; path = "NSManagedObjectModel+MagicalRecord.h"; sourceTree = "<group>"; };
		2B58A7FF1A760B70000DD1A8 /* NSManagedObjectModel+MagicalRecord.m */ = {isa = PBXFileReference; fileEncoding = 4; lastKnownFileType = sourcecode.c.objc; path = "NSManagedObjectModel+MagicalRecord.m"; sourceTree = "<group>"; };
		2B58A8001A760B70000DD1A8 /* NSPersistentStore+MagicalRecord.h */ = {isa = PBXFileReference; fileEncoding = 4; lastKnownFileType = sourcecode.c.h; path = "NSPersistentStore+MagicalRecord.h"; sourceTree = "<group>"; };
		2B58A8011A760B70000DD1A8 /* NSPersistentStore+MagicalRecord.m */ = {isa = PBXFileReference; fileEncoding = 4; lastKnownFileType = sourcecode.c.objc; path = "NSPersistentStore+MagicalRecord.m"; sourceTree = "<group>"; };
		2B58A8021A760B70000DD1A8 /* NSPersistentStoreCoordinator+MagicalRecord.h */ = {isa = PBXFileReference; fileEncoding = 4; lastKnownFileType = sourcecode.c.h; path = "NSPersistentStoreCoordinator+MagicalRecord.h"; sourceTree = "<group>"; };
		2B58A8031A760B70000DD1A8 /* NSPersistentStoreCoordinator+MagicalRecord.m */ = {isa = PBXFileReference; fileEncoding = 4; lastKnownFileType = sourcecode.c.objc; path = "NSPersistentStoreCoordinator+MagicalRecord.m"; sourceTree = "<group>"; };
		2B58A8051A760B70000DD1A8 /* MagicalRecord+Actions.h */ = {isa = PBXFileReference; fileEncoding = 4; lastKnownFileType = sourcecode.c.h; path = "MagicalRecord+Actions.h"; sourceTree = "<group>"; };
		2B58A8061A760B70000DD1A8 /* MagicalRecord+Actions.m */ = {isa = PBXFileReference; fileEncoding = 4; lastKnownFileType = sourcecode.c.objc; path = "MagicalRecord+Actions.m"; sourceTree = "<group>"; };
		2B58A8071A760B70000DD1A8 /* MagicalRecord+ErrorHandling.h */ = {isa = PBXFileReference; fileEncoding = 4; lastKnownFileType = sourcecode.c.h; path = "MagicalRecord+ErrorHandling.h"; sourceTree = "<group>"; };
		2B58A8081A760B70000DD1A8 /* MagicalRecord+ErrorHandling.m */ = {isa = PBXFileReference; fileEncoding = 4; lastKnownFileType = sourcecode.c.objc; path = "MagicalRecord+ErrorHandling.m"; sourceTree = "<group>"; };
		2B58A8091A760B70000DD1A8 /* MagicalRecord+iCloud.h */ = {isa = PBXFileReference; fileEncoding = 4; lastKnownFileType = sourcecode.c.h; path = "MagicalRecord+iCloud.h"; sourceTree = "<group>"; };
		2B58A80A1A760B70000DD1A8 /* MagicalRecord+iCloud.m */ = {isa = PBXFileReference; fileEncoding = 4; lastKnownFileType = sourcecode.c.objc; path = "MagicalRecord+iCloud.m"; sourceTree = "<group>"; };
		2B58A80B1A760B70000DD1A8 /* MagicalRecord+Options.h */ = {isa = PBXFileReference; fileEncoding = 4; lastKnownFileType = sourcecode.c.h; path = "MagicalRecord+Options.h"; sourceTree = "<group>"; };
		2B58A80C1A760B70000DD1A8 /* MagicalRecord+Options.m */ = {isa = PBXFileReference; fileEncoding = 4; lastKnownFileType = sourcecode.c.objc; path = "MagicalRecord+Options.m"; sourceTree = "<group>"; };
		2B58A80D1A760B70000DD1A8 /* MagicalRecord+Setup.h */ = {isa = PBXFileReference; fileEncoding = 4; lastKnownFileType = sourcecode.c.h; path = "MagicalRecord+Setup.h"; sourceTree = "<group>"; };
		2B58A80E1A760B70000DD1A8 /* MagicalRecord+Setup.m */ = {isa = PBXFileReference; fileEncoding = 4; lastKnownFileType = sourcecode.c.objc; path = "MagicalRecord+Setup.m"; sourceTree = "<group>"; };
		2B58A80F1A760B70000DD1A8 /* MagicalRecord+ShorthandSupport.h */ = {isa = PBXFileReference; fileEncoding = 4; lastKnownFileType = sourcecode.c.h; path = "MagicalRecord+ShorthandSupport.h"; sourceTree = "<group>"; };
		2B58A8101A760B70000DD1A8 /* MagicalRecord+ShorthandSupport.m */ = {isa = PBXFileReference; fileEncoding = 4; lastKnownFileType = sourcecode.c.objc; path = "MagicalRecord+ShorthandSupport.m"; sourceTree = "<group>"; };
		2B58A8111A760B70000DD1A8 /* MagicalRecord.h */ = {isa = PBXFileReference; fileEncoding = 4; lastKnownFileType = sourcecode.c.h; path = MagicalRecord.h; sourceTree = "<group>"; };
		2B58A8121A760B70000DD1A8 /* MagicalRecord.m */ = {isa = PBXFileReference; fileEncoding = 4; lastKnownFileType = sourcecode.c.objc; path = MagicalRecord.m; sourceTree = "<group>"; };
		2B58A8131A760B70000DD1A8 /* MagicalRecordDeprecated.h */ = {isa = PBXFileReference; fileEncoding = 4; lastKnownFileType = sourcecode.c.h; path = MagicalRecordDeprecated.h; sourceTree = "<group>"; };
		2B58A8141A760B70000DD1A8 /* MagicalRecordLogging.h */ = {isa = PBXFileReference; fileEncoding = 4; lastKnownFileType = sourcecode.c.h; path = MagicalRecordLogging.h; sourceTree = "<group>"; };
		2B58A8151A760B70000DD1A8 /* MagicalRecordShorthand.h */ = {isa = PBXFileReference; fileEncoding = 4; lastKnownFileType = sourcecode.c.h; path = MagicalRecordShorthand.h; sourceTree = "<group>"; };
		2B58A8171A760B70000DD1A8 /* CoreData+MagicalRecord.h */ = {isa = PBXFileReference; fileEncoding = 4; lastKnownFileType = sourcecode.c.h; path = "CoreData+MagicalRecord.h"; sourceTree = "<group>"; };
		2B58A8331A760BA5000DD1A8 /* GlobalData.h */ = {isa = PBXFileReference; fileEncoding = 4; lastKnownFileType = sourcecode.c.h; path = GlobalData.h; sourceTree = "<group>"; };
		2B58A8341A760BA5000DD1A8 /* GlobalData.m */ = {isa = PBXFileReference; fileEncoding = 4; lastKnownFileType = sourcecode.c.objc; path = GlobalData.m; sourceTree = "<group>"; };
		2B58A8361A760BA5000DD1A8 /* YoutubeAPICommunicator.h */ = {isa = PBXFileReference; fileEncoding = 4; lastKnownFileType = sourcecode.c.h; path = YoutubeAPICommunicator.h; sourceTree = "<group>"; };
		2B58A8371A760BA5000DD1A8 /* YoutubeAPICommunicator.m */ = {isa = PBXFileReference; fileEncoding = 4; lastKnownFileType = sourcecode.c.objc; path = YoutubeAPICommunicator.m; sourceTree = "<group>"; };
		2B58A8391A760BA5000DD1A8 /* MenuViewController.h */ = {isa = PBXFileReference; fileEncoding = 4; lastKnownFileType = sourcecode.c.h; path = MenuViewController.h; sourceTree = "<group>"; };
		2B58A83A1A760BA5000DD1A8 /* MenuViewController.m */ = {isa = PBXFileReference; fileEncoding = 4; lastKnownFileType = sourcecode.c.objc; path = MenuViewController.m; sourceTree = "<group>"; };
		2B58A83B1A760BA5000DD1A8 /* PlaylistsViewController.h */ = {isa = PBXFileReference; fileEncoding = 4; lastKnownFileType = sourcecode.c.h; path = PlaylistsViewController.h; sourceTree = "<group>"; };
		2B58A83C1A760BA5000DD1A8 /* PlaylistsViewController.m */ = {isa = PBXFileReference; fileEncoding = 4; lastKnownFileType = sourcecode.c.objc; path = PlaylistsViewController.m; sourceTree = "<group>"; };
		2B58A83D1A760BA5000DD1A8 /* VideoListViewController.h */ = {isa = PBXFileReference; fileEncoding = 4; lastKnownFileType = sourcecode.c.h; path = VideoListViewController.h; sourceTree = "<group>"; };
		2B58A83E1A760BA5000DD1A8 /* VideoListViewController.m */ = {isa = PBXFileReference; fileEncoding = 4; lastKnownFileType = sourcecode.c.objc; path = VideoListViewController.m; sourceTree = "<group>"; };
		2B58A8401A760BA5000DD1A8 /* VideoViewController.h */ = {isa = PBXFileReference; fileEncoding = 4; lastKnownFileType = sourcecode.c.h; path = VideoViewController.h; sourceTree = "<group>"; };
		2B58A8411A760BA5000DD1A8 /* VideoViewController.m */ = {isa = PBXFileReference; fileEncoding = 4; lastKnownFileType = sourcecode.c.objc; path = VideoViewController.m; sourceTree = "<group>"; };
		2B58A8431A760BA5000DD1A8 /* DhammadipaYoutube.xcdatamodel */ = {isa = PBXFileReference; lastKnownFileType = wrapper.xcdatamodel; path = DhammadipaYoutube.xcdatamodel; sourceTree = "<group>"; };
		2B58A8451A760BA5000DD1A8 /* Playlist.h */ = {isa = PBXFileReference; fileEncoding = 4; lastKnownFileType = sourcecode.c.h; path = Playlist.h; sourceTree = "<group>"; };
		2B58A8461A760BA5000DD1A8 /* Playlist.m */ = {isa = PBXFileReference; fileEncoding = 4; lastKnownFileType = sourcecode.c.objc; path = Playlist.m; sourceTree = "<group>"; };
		2B58A8471A760BA5000DD1A8 /* Channel.h */ = {isa = PBXFileReference; fileEncoding = 4; lastKnownFileType = sourcecode.c.h; path = Channel.h; sourceTree = "<group>"; };
		2B58A8481A760BA5000DD1A8 /* Channel.m */ = {isa = PBXFileReference; fileEncoding = 4; lastKnownFileType = sourcecode.c.objc; path = Channel.m; sourceTree = "<group>"; };
		2B58A8491A760BA5000DD1A8 /* Video.h */ = {isa = PBXFileReference; fileEncoding = 4; lastKnownFileType = sourcecode.c.h; path = Video.h; sourceTree = "<group>"; };
		2B58A84A1A760BA5000DD1A8 /* Video.m */ = {isa = PBXFileReference; fileEncoding = 4; lastKnownFileType = sourcecode.c.objc; path = Video.m; sourceTree = "<group>"; };
		2B58A8561A760BC6000DD1A8 /* AppDelegate.h */ = {isa = PBXFileReference; fileEncoding = 4; lastKnownFileType = sourcecode.c.h; name = AppDelegate.h; path = DhammaTube6/POEMiPad/AppDelegate.h; sourceTree = SOURCE_ROOT; };
		2B58A8571A760BC6000DD1A8 /* AppDelegate.m */ = {isa = PBXFileReference; fileEncoding = 4; lastKnownFileType = sourcecode.c.objc; name = AppDelegate.m; path = DhammaTube6/POEMiPad/AppDelegate.m; sourceTree = SOURCE_ROOT; };
		2B58A8691A760C7A000DD1A8 /* CoreData.framework */ = {isa = PBXFileReference; lastKnownFileType = wrapper.framework; name = CoreData.framework; path = System/Library/Frameworks/CoreData.framework; sourceTree = SDKROOT; };
		2B58A8721A760D5F000DD1A8 /* DhammaTube-Prefix.pch */ = {isa = PBXFileReference; fileEncoding = 4; lastKnownFileType = sourcecode.c.h; path = "DhammaTube-Prefix.pch"; sourceTree = "<group>"; };
/* End PBXFileReference section */

/* Begin PBXFrameworksBuildPhase section */
		2B58A20B1A7600E2000DD1A8 /* Frameworks */ = {
			isa = PBXFrameworksBuildPhase;
			buildActionMask = 2147483647;
			files = (
				2B58A86A1A760C7A000DD1A8 /* CoreData.framework in Frameworks */,
			);
			runOnlyForDeploymentPostprocessing = 0;
		};
		2B58A2241A7600E2000DD1A8 /* Frameworks */ = {
			isa = PBXFrameworksBuildPhase;
			buildActionMask = 2147483647;
			files = (
			);
			runOnlyForDeploymentPostprocessing = 0;
		};
/* End PBXFrameworksBuildPhase section */

/* Begin PBXGroup section */
		2B58A2051A7600E2000DD1A8 = {
			isa = PBXGroup;
			children = (
				2B58A8691A760C7A000DD1A8 /* CoreData.framework */,
				2B58A2101A7600E2000DD1A8 /* DhammaTube */,
				2B58A22A1A7600E2000DD1A8 /* DhammaTubeTests */,
				2B58A20F1A7600E2000DD1A8 /* Products */,
			);
			sourceTree = "<group>";
		};
		2B58A20F1A7600E2000DD1A8 /* Products */ = {
			isa = PBXGroup;
			children = (
				2B58A20E1A7600E2000DD1A8 /* DhammaTube.app */,
				2B58A2271A7600E2000DD1A8 /* DhammaTubeTests.xctest */,
			);
			name = Products;
			sourceTree = "<group>";
		};
		2B58A2101A7600E2000DD1A8 /* DhammaTube */ = {
			isa = PBXGroup;
			children = (
				2B58A8351A760BA5000DD1A8 /* Global Data */,
				2B58A8381A760BA5000DD1A8 /* Youtube */,
				2B58A83F1A760BA5000DD1A8 /* Left Side */,
				2B58A8421A760BA5000DD1A8 /* Right Side */,
				2B58A84B1A760BA5000DD1A8 /* Models */,
				2B58A21B1A7600E2000DD1A8 /* Main.storyboard */,
				2B58A8561A760BC6000DD1A8 /* AppDelegate.h */,
				2B58A8571A760BC6000DD1A8 /* AppDelegate.m */,
				2B58A21E1A7600E2000DD1A8 /* Images.xcassets */,
				2B58A2201A7600E2000DD1A8 /* LaunchScreen.xib */,
				2B58A7B31A760B61000DD1A8 /* nimbus */,
				2B58A7D81A760B66000DD1A8 /* youtube-ios-player-helper */,
				2B58A8181A760B70000DD1A8 /* Magical Record Factory File */,
				2B58A2111A7600E2000DD1A8 /* Supporting Files */,
			);
			path = DhammaTube;
			sourceTree = "<group>";
		};
		2B58A2111A7600E2000DD1A8 /* Supporting Files */ = {
			isa = PBXGroup;
			children = (
				2B58A8721A760D5F000DD1A8 /* DhammaTube-Prefix.pch */,
				2B58A2121A7600E2000DD1A8 /* Info.plist */,
				2B58A2131A7600E2000DD1A8 /* main.m */,
			);
			name = "Supporting Files";
			sourceTree = "<group>";
		};
		2B58A22A1A7600E2000DD1A8 /* DhammaTubeTests */ = {
			isa = PBXGroup;
			children = (
				2B58A22D1A7600E2000DD1A8 /* DhammaTubeTests.m */,
				2B58A22B1A7600E2000DD1A8 /* Supporting Files */,
			);
			path = DhammaTubeTests;
			sourceTree = "<group>";
		};
		2B58A22B1A7600E2000DD1A8 /* Supporting Files */ = {
			isa = PBXGroup;
			children = (
				2B58A22C1A7600E2000DD1A8 /* Info.plist */,
			);
			name = "Supporting Files";
			sourceTree = "<group>";
		};
		2B58A79B1A760B61000DD1A8 /* core */ = {
			isa = PBXGroup;
			children = (
				2B58A76A1A760B61000DD1A8 /* NIActions+Subclassing.h */,
				2B58A76B1A760B61000DD1A8 /* NIActions.h */,
				2B58A76C1A760B61000DD1A8 /* NIActions.m */,
				2B58A76D1A760B61000DD1A8 /* NIButtonUtilities.h */,
				2B58A76E1A760B61000DD1A8 /* NIButtonUtilities.m */,
				2B58A76F1A760B61000DD1A8 /* NICommonMetrics.h */,
				2B58A7701A760B61000DD1A8 /* NICommonMetrics.m */,
				2B58A7711A760B61000DD1A8 /* NIDataStructures.h */,
				2B58A7721A760B61000DD1A8 /* NIDataStructures.m */,
				2B58A7731A760B61000DD1A8 /* NIDebuggingTools.h */,
				2B58A7741A760B61000DD1A8 /* NIDebuggingTools.m */,
				2B58A7751A760B61000DD1A8 /* NIDeviceOrientation.h */,
				2B58A7761A760B61000DD1A8 /* NIDeviceOrientation.m */,
				2B58A7771A760B61000DD1A8 /* NIError.h */,
				2B58A7781A760B61000DD1A8 /* NIError.m */,
				2B58A7791A760B61000DD1A8 /* NIFoundationMethods.h */,
				2B58A77A1A760B61000DD1A8 /* NIFoundationMethods.m */,
				2B58A77B1A760B61000DD1A8 /* NIImageUtilities.h */,
				2B58A77C1A760B61000DD1A8 /* NIImageUtilities.m */,
				2B58A77D1A760B61000DD1A8 /* NIInMemoryCache.h */,
				2B58A77E1A760B61000DD1A8 /* NIInMemoryCache.m */,
				2B58A77F1A760B61000DD1A8 /* NimbusCore+Additions.h */,
				2B58A7801A760B61000DD1A8 /* NimbusCore.h */,
				2B58A7811A760B61000DD1A8 /* NINavigationAppearance.h */,
				2B58A7821A760B61000DD1A8 /* NINavigationAppearance.m */,
				2B58A7831A760B61000DD1A8 /* NINetworkActivity.h */,
				2B58A7841A760B61000DD1A8 /* NINetworkActivity.m */,
				2B58A7851A760B61000DD1A8 /* NINonEmptyCollectionTesting.h */,
				2B58A7861A760B61000DD1A8 /* NINonEmptyCollectionTesting.m */,
				2B58A7871A760B61000DD1A8 /* NINonRetainingCollections.h */,
				2B58A7881A760B61000DD1A8 /* NINonRetainingCollections.m */,
				2B58A7891A760B61000DD1A8 /* NIOperations+Subclassing.h */,
				2B58A78A1A760B61000DD1A8 /* NIOperations.h */,
				2B58A78B1A760B61000DD1A8 /* NIOperations.m */,
				2B58A78C1A760B61000DD1A8 /* NIPaths.h */,
				2B58A78D1A760B61000DD1A8 /* NIPaths.m */,
				2B58A78E1A760B61000DD1A8 /* NIPreprocessorMacros.h */,
				2B58A78F1A760B61000DD1A8 /* NIRuntimeClassModifications.h */,
				2B58A7901A760B61000DD1A8 /* NIRuntimeClassModifications.m */,
				2B58A7911A760B61000DD1A8 /* NISDKAvailability.h */,
				2B58A7921A760B61000DD1A8 /* NISDKAvailability.m */,
				2B58A7931A760B61000DD1A8 /* NISnapshotRotation.h */,
				2B58A7941A760B61000DD1A8 /* NISnapshotRotation.m */,
				2B58A7951A760B61000DD1A8 /* NIState.h */,
				2B58A7961A760B61000DD1A8 /* NIState.m */,
				2B58A7971A760B61000DD1A8 /* NIViewRecycler.h */,
				2B58A7981A760B61000DD1A8 /* NIViewRecycler.m */,
				2B58A7991A760B61000DD1A8 /* UIResponder+NimbusCore.h */,
				2B58A79A1A760B61000DD1A8 /* UIResponder+NimbusCore.m */,
			);
			path = core;
			sourceTree = "<group>";
		};
		2B58A7B21A760B61000DD1A8 /* models */ = {
			isa = PBXGroup;
			children = (
				2B58A79C1A760B61000DD1A8 /* NICellBackgrounds.h */,
				2B58A79D1A760B61000DD1A8 /* NICellBackgrounds.m */,
				2B58A79E1A760B61000DD1A8 /* NICellCatalog.h */,
				2B58A79F1A760B61000DD1A8 /* NICellCatalog.m */,
				2B58A7A01A760B61000DD1A8 /* NICellFactory+Private.h */,
				2B58A7A11A760B61000DD1A8 /* NICellFactory.h */,
				2B58A7A21A760B61000DD1A8 /* NICellFactory.m */,
				2B58A7A31A760B61000DD1A8 /* NIFormCellCatalog.h */,
				2B58A7A41A760B61000DD1A8 /* NIFormCellCatalog.m */,
				2B58A7A51A760B61000DD1A8 /* NimbusModels.h */,
				2B58A7A61A760B61000DD1A8 /* NIMutableTableViewModel+Private.h */,
				2B58A7A71A760B61000DD1A8 /* NIMutableTableViewModel.h */,
				2B58A7A81A760B61000DD1A8 /* NIMutableTableViewModel.m */,
				2B58A7A91A760B61000DD1A8 /* NIRadioGroup.h */,
				2B58A7AA1A760B61000DD1A8 /* NIRadioGroup.m */,
				2B58A7AB1A760B61000DD1A8 /* NIRadioGroupController.h */,
				2B58A7AC1A760B61000DD1A8 /* NIRadioGroupController.m */,
				2B58A7AD1A760B61000DD1A8 /* NITableViewActions.h */,
				2B58A7AE1A760B61000DD1A8 /* NITableViewActions.m */,
				2B58A7AF1A760B61000DD1A8 /* NITableViewModel+Private.h */,
				2B58A7B01A760B61000DD1A8 /* NITableViewModel.h */,
				2B58A7B11A760B61000DD1A8 /* NITableViewModel.m */,
			);
			path = models;
			sourceTree = "<group>";
		};
		2B58A7B31A760B61000DD1A8 /* nimbus */ = {
			isa = PBXGroup;
			children = (
				2B58A79B1A760B61000DD1A8 /* core */,
				2B58A7B21A760B61000DD1A8 /* models */,
			);
			name = nimbus;
			path = ../DhammaTube6/nimbus;
			sourceTree = "<group>";
		};
		2B58A7D41A760B66000DD1A8 /* Assets */ = {
			isa = PBXGroup;
			children = (
				2B58A7D31A760B66000DD1A8 /* YTPlayerView-iframe-player.html */,
			);
			path = Assets;
			sourceTree = "<group>";
		};
		2B58A7D71A760B66000DD1A8 /* Classes */ = {
			isa = PBXGroup;
			children = (
				2B58A7D51A760B66000DD1A8 /* YTPlayerView.h */,
				2B58A7D61A760B66000DD1A8 /* YTPlayerView.m */,
			);
			path = Classes;
			sourceTree = "<group>";
		};
		2B58A7D81A760B66000DD1A8 /* youtube-ios-player-helper */ = {
			isa = PBXGroup;
			children = (
				2B58A7D41A760B66000DD1A8 /* Assets */,
				2B58A7D71A760B66000DD1A8 /* Classes */,
			);
			name = "youtube-ios-player-helper";
			path = "../DhammaTube6/youtube-ios-player-helper";
			sourceTree = "<group>";
		};
		2B58A7E91A760B70000DD1A8 /* DataImport */ = {
			isa = PBXGroup;
			children = (
				2B58A7DB1A760B70000DD1A8 /* MagicalImportFunctions.h */,
				2B58A7DC1A760B70000DD1A8 /* MagicalImportFunctions.m */,
				2B58A7DD1A760B70000DD1A8 /* NSAttributeDescription+MagicalDataImport.h */,
				2B58A7DE1A760B70000DD1A8 /* NSAttributeDescription+MagicalDataImport.m */,
				2B58A7DF1A760B70000DD1A8 /* NSEntityDescription+MagicalDataImport.h */,
				2B58A7E01A760B70000DD1A8 /* NSEntityDescription+MagicalDataImport.m */,
				2B58A7E11A760B70000DD1A8 /* NSNumber+MagicalDataImport.h */,
				2B58A7E21A760B70000DD1A8 /* NSNumber+MagicalDataImport.m */,
				2B58A7E31A760B70000DD1A8 /* NSObject+MagicalDataImport.h */,
				2B58A7E41A760B70000DD1A8 /* NSObject+MagicalDataImport.m */,
				2B58A7E51A760B70000DD1A8 /* NSRelationshipDescription+MagicalDataImport.h */,
				2B58A7E61A760B70000DD1A8 /* NSRelationshipDescription+MagicalDataImport.m */,
				2B58A7E71A760B70000DD1A8 /* NSString+MagicalDataImport.h */,
				2B58A7E81A760B70000DD1A8 /* NSString+MagicalDataImport.m */,
			);
			path = DataImport;
			sourceTree = "<group>";
		};
		2B58A7F41A760B70000DD1A8 /* NSManagedObject */ = {
			isa = PBXGroup;
			children = (
				2B58A7EA1A760B70000DD1A8 /* NSManagedObject+MagicalAggregation.h */,
				2B58A7EB1A760B70000DD1A8 /* NSManagedObject+MagicalAggregation.m */,
				2B58A7EC1A760B70000DD1A8 /* NSManagedObject+MagicalDataImport.h */,
				2B58A7ED1A760B70000DD1A8 /* NSManagedObject+MagicalDataImport.m */,
				2B58A7EE1A760B70000DD1A8 /* NSManagedObject+MagicalFinders.h */,
				2B58A7EF1A760B70000DD1A8 /* NSManagedObject+MagicalFinders.m */,
				2B58A7F01A760B70000DD1A8 /* NSManagedObject+MagicalRecord.h */,
				2B58A7F11A760B70000DD1A8 /* NSManagedObject+MagicalRecord.m */,
				2B58A7F21A760B70000DD1A8 /* NSManagedObject+MagicalRequests.h */,
				2B58A7F31A760B70000DD1A8 /* NSManagedObject+MagicalRequests.m */,
			);
			path = NSManagedObject;
			sourceTree = "<group>";
		};
		2B58A7FD1A760B70000DD1A8 /* NSManagedObjectContext */ = {
			isa = PBXGroup;
			children = (
				2B58A7F51A760B70000DD1A8 /* NSManagedObjectContext+MagicalObserving.h */,
				2B58A7F61A760B70000DD1A8 /* NSManagedObjectContext+MagicalObserving.m */,
				2B58A7F71A760B70000DD1A8 /* NSManagedObjectContext+MagicalRecord.h */,
				2B58A7F81A760B70000DD1A8 /* NSManagedObjectContext+MagicalRecord.m */,
				2B58A7F91A760B70000DD1A8 /* NSManagedObjectContext+MagicalSaves.h */,
				2B58A7FA1A760B70000DD1A8 /* NSManagedObjectContext+MagicalSaves.m */,
				2B58A7FB1A760B70000DD1A8 /* NSManagedObjectContext+MagicalThreading.h */,
				2B58A7FC1A760B70000DD1A8 /* NSManagedObjectContext+MagicalThreading.m */,
			);
			path = NSManagedObjectContext;
			sourceTree = "<group>";
		};
		2B58A8041A760B70000DD1A8 /* Categories */ = {
			isa = PBXGroup;
			children = (
				2B58A7E91A760B70000DD1A8 /* DataImport */,
				2B58A7F41A760B70000DD1A8 /* NSManagedObject */,
				2B58A7FD1A760B70000DD1A8 /* NSManagedObjectContext */,
				2B58A7FE1A760B70000DD1A8 /* NSManagedObjectModel+MagicalRecord.h */,
				2B58A7FF1A760B70000DD1A8 /* NSManagedObjectModel+MagicalRecord.m */,
				2B58A8001A760B70000DD1A8 /* NSPersistentStore+MagicalRecord.h */,
				2B58A8011A760B70000DD1A8 /* NSPersistentStore+MagicalRecord.m */,
				2B58A8021A760B70000DD1A8 /* NSPersistentStoreCoordinator+MagicalRecord.h */,
				2B58A8031A760B70000DD1A8 /* NSPersistentStoreCoordinator+MagicalRecord.m */,
			);
			path = Categories;
			sourceTree = "<group>";
		};
		2B58A8161A760B70000DD1A8 /* Core */ = {
			isa = PBXGroup;
			children = (
				2B58A8051A760B70000DD1A8 /* MagicalRecord+Actions.h */,
				2B58A8061A760B70000DD1A8 /* MagicalRecord+Actions.m */,
				2B58A8071A760B70000DD1A8 /* MagicalRecord+ErrorHandling.h */,
				2B58A8081A760B70000DD1A8 /* MagicalRecord+ErrorHandling.m */,
				2B58A8091A760B70000DD1A8 /* MagicalRecord+iCloud.h */,
				2B58A80A1A760B70000DD1A8 /* MagicalRecord+iCloud.m */,
				2B58A80B1A760B70000DD1A8 /* MagicalRecord+Options.h */,
				2B58A80C1A760B70000DD1A8 /* MagicalRecord+Options.m */,
				2B58A80D1A760B70000DD1A8 /* MagicalRecord+Setup.h */,
				2B58A80E1A760B70000DD1A8 /* MagicalRecord+Setup.m */,
				2B58A80F1A760B70000DD1A8 /* MagicalRecord+ShorthandSupport.h */,
				2B58A8101A760B70000DD1A8 /* MagicalRecord+ShorthandSupport.m */,
				2B58A8111A760B70000DD1A8 /* MagicalRecord.h */,
				2B58A8121A760B70000DD1A8 /* MagicalRecord.m */,
				2B58A8131A760B70000DD1A8 /* MagicalRecordDeprecated.h */,
				2B58A8141A760B70000DD1A8 /* MagicalRecordLogging.h */,
				2B58A8151A760B70000DD1A8 /* MagicalRecordShorthand.h */,
			);
			path = Core;
			sourceTree = "<group>";
		};
		2B58A8181A760B70000DD1A8 /* Magical Record Factory File */ = {
			isa = PBXGroup;
			children = (
				2B58A8041A760B70000DD1A8 /* Categories */,
				2B58A8161A760B70000DD1A8 /* Core */,
				2B58A8171A760B70000DD1A8 /* CoreData+MagicalRecord.h */,
			);
			name = "Magical Record Factory File";
			path = ../DhammaTube6/POEMiPad;
			sourceTree = "<group>";
		};
		2B58A8351A760BA5000DD1A8 /* Global Data */ = {
			isa = PBXGroup;
			children = (
				2B58A8331A760BA5000DD1A8 /* GlobalData.h */,
				2B58A8341A760BA5000DD1A8 /* GlobalData.m */,
			);
			name = "Global Data";
			path = ../DhammaTube6/POEMiPad;
			sourceTree = "<group>";
		};
		2B58A8381A760BA5000DD1A8 /* Youtube */ = {
			isa = PBXGroup;
			children = (
				2B58A8361A760BA5000DD1A8 /* YoutubeAPICommunicator.h */,
				2B58A8371A760BA5000DD1A8 /* YoutubeAPICommunicator.m */,
			);
			name = Youtube;
			path = ../DhammaTube6/POEMiPad;
			sourceTree = "<group>";
		};
		2B58A83F1A760BA5000DD1A8 /* Left Side */ = {
			isa = PBXGroup;
			children = (
				2B58A8391A760BA5000DD1A8 /* MenuViewController.h */,
				2B58A83A1A760BA5000DD1A8 /* MenuViewController.m */,
				2B58A83B1A760BA5000DD1A8 /* PlaylistsViewController.h */,
				2B58A83C1A760BA5000DD1A8 /* PlaylistsViewController.m */,
				2B58A83D1A760BA5000DD1A8 /* VideoListViewController.h */,
				2B58A83E1A760BA5000DD1A8 /* VideoListViewController.m */,
			);
			name = "Left Side";
			path = ../DhammaTube6/POEMiPad;
			sourceTree = "<group>";
		};
		2B58A8421A760BA5000DD1A8 /* Right Side */ = {
			isa = PBXGroup;
			children = (
				2B58A8401A760BA5000DD1A8 /* VideoViewController.h */,
				2B58A8411A760BA5000DD1A8 /* VideoViewController.m */,
			);
			name = "Right Side";
			path = ../DhammaTube6/POEMiPad;
			sourceTree = "<group>";
		};
		2B58A84B1A760BA5000DD1A8 /* Models */ = {
			isa = PBXGroup;
			children = (
				2B58A8441A760BA5000DD1A8 /* DhammadipaYoutube.xcdatamodeld */,
				2B58A8451A760BA5000DD1A8 /* Playlist.h */,
				2B58A8461A760BA5000DD1A8 /* Playlist.m */,
				2B58A8471A760BA5000DD1A8 /* Channel.h */,
				2B58A8481A760BA5000DD1A8 /* Channel.m */,
				2B58A8491A760BA5000DD1A8 /* Video.h */,
				2B58A84A1A760BA5000DD1A8 /* Video.m */,
			);
			name = Models;
			path = ../DhammaTube6/POEMiPad;
			sourceTree = "<group>";
		};
/* End PBXGroup section */

/* Begin PBXNativeTarget section */
		2B58A20D1A7600E2000DD1A8 /* DhammaTube */ = {
			isa = PBXNativeTarget;
			buildConfigurationList = 2B58A2311A7600E2000DD1A8 /* Build configuration list for PBXNativeTarget "DhammaTube" */;
			buildPhases = (
				2B58A20A1A7600E2000DD1A8 /* Sources */,
				2B58A20B1A7600E2000DD1A8 /* Frameworks */,
				2B58A20C1A7600E2000DD1A8 /* Resources */,
			);
			buildRules = (
			);
			dependencies = (
			);
			name = DhammaTube;
			productName = DhammaTube;
			productReference = 2B58A20E1A7600E2000DD1A8 /* DhammaTube.app */;
			productType = "com.apple.product-type.application";
		};
		2B58A2261A7600E2000DD1A8 /* DhammaTubeTests */ = {
			isa = PBXNativeTarget;
			buildConfigurationList = 2B58A2341A7600E2000DD1A8 /* Build configuration list for PBXNativeTarget "DhammaTubeTests" */;
			buildPhases = (
				2B58A2231A7600E2000DD1A8 /* Sources */,
				2B58A2241A7600E2000DD1A8 /* Frameworks */,
				2B58A2251A7600E2000DD1A8 /* Resources */,
			);
			buildRules = (
			);
			dependencies = (
				2B58A2291A7600E2000DD1A8 /* PBXTargetDependency */,
			);
			name = DhammaTubeTests;
			productName = DhammaTubeTests;
			productReference = 2B58A2271A7600E2000DD1A8 /* DhammaTubeTests.xctest */;
			productType = "com.apple.product-type.bundle.unit-test";
		};
/* End PBXNativeTarget section */

/* Begin PBXProject section */
		2B58A2061A7600E2000DD1A8 /* Project object */ = {
			isa = PBXProject;
			attributes = {
				LastUpgradeCheck = 0610;
				ORGANIZATIONNAME = "Qi Mu";
				TargetAttributes = {
					2B58A20D1A7600E2000DD1A8 = {
						CreatedOnToolsVersion = 6.1.1;
					};
					2B58A2261A7600E2000DD1A8 = {
						CreatedOnToolsVersion = 6.1.1;
						TestTargetID = 2B58A20D1A7600E2000DD1A8;
					};
				};
			};
			buildConfigurationList = 2B58A2091A7600E2000DD1A8 /* Build configuration list for PBXProject "DhammaTube" */;
			compatibilityVersion = "Xcode 3.2";
			developmentRegion = English;
			hasScannedForEncodings = 0;
			knownRegions = (
				en,
				Base,
			);
			mainGroup = 2B58A2051A7600E2000DD1A8;
			productRefGroup = 2B58A20F1A7600E2000DD1A8 /* Products */;
			projectDirPath = "";
			projectRoot = "";
			targets = (
				2B58A20D1A7600E2000DD1A8 /* DhammaTube */,
				2B58A2261A7600E2000DD1A8 /* DhammaTubeTests */,
			);
		};
/* End PBXProject section */

/* Begin PBXResourcesBuildPhase section */
		2B58A20C1A7600E2000DD1A8 /* Resources */ = {
			isa = PBXResourcesBuildPhase;
			buildActionMask = 2147483647;
			files = (
				2B58A21D1A7600E2000DD1A8 /* Main.storyboard in Resources */,
				2B58A2221A7600E2000DD1A8 /* LaunchScreen.xib in Resources */,
				2B58A7D91A760B66000DD1A8 /* YTPlayerView-iframe-player.html in Resources */,
				2B58A8521A760BA5000DD1A8 /* DhammadipaYoutube.xcdatamodeld in Resources */,
				2B58A21F1A7600E2000DD1A8 /* Images.xcassets in Resources */,
			);
			runOnlyForDeploymentPostprocessing = 0;
		};
		2B58A2251A7600E2000DD1A8 /* Resources */ = {
			isa = PBXResourcesBuildPhase;
			buildActionMask = 2147483647;
			files = (
			);
			runOnlyForDeploymentPostprocessing = 0;
		};
/* End PBXResourcesBuildPhase section */

/* Begin PBXSourcesBuildPhase section */
		2B58A20A1A7600E2000DD1A8 /* Sources */ = {
			isa = PBXSourcesBuildPhase;
			buildActionMask = 2147483647;
			files = (
				2B58A7CA1A760B61000DD1A8 /* NICellBackgrounds.m in Sources */,
				2B58A7C61A760B61000DD1A8 /* NISnapshotRotation.m in Sources */,
				2B58A82D1A760B70000DD1A8 /* MagicalRecord+ErrorHandling.m in Sources */,
				2B58A8221A760B70000DD1A8 /* NSManagedObject+MagicalFinders.m in Sources */,
				2B58A84E1A760BA5000DD1A8 /* MenuViewController.m in Sources */,
				2B58A7C91A760B61000DD1A8 /* UIResponder+NimbusCore.m in Sources */,
				2B58A7BF1A760B61000DD1A8 /* NINetworkActivity.m in Sources */,
				2B58A8581A760BC6000DD1A8 /* AppDelegate.m in Sources */,
				2B58A84C1A760BA5000DD1A8 /* GlobalData.m in Sources */,
				2B58A7C31A760B61000DD1A8 /* NIPaths.m in Sources */,
				2B58A81D1A760B70000DD1A8 /* NSObject+MagicalDataImport.m in Sources */,
				2B58A8541A760BA5000DD1A8 /* Channel.m in Sources */,
				2B58A81A1A760B70000DD1A8 /* NSAttributeDescription+MagicalDataImport.m in Sources */,
				2B58A82C1A760B70000DD1A8 /* MagicalRecord+Actions.m in Sources */,
				2B58A7C11A760B61000DD1A8 /* NINonRetainingCollections.m in Sources */,
				2B58A7BD1A760B61000DD1A8 /* NIInMemoryCache.m in Sources */,
				2B58A8231A760B70000DD1A8 /* NSManagedObject+MagicalRecord.m in Sources */,
				2B58A7B91A760B61000DD1A8 /* NIDeviceOrientation.m in Sources */,
				2B58A7C41A760B61000DD1A8 /* NIRuntimeClassModifications.m in Sources */,
				2B58A8551A760BA5000DD1A8 /* Video.m in Sources */,
				2B58A8271A760B70000DD1A8 /* NSManagedObjectContext+MagicalSaves.m in Sources */,
				2B58A8281A760B70000DD1A8 /* NSManagedObjectContext+MagicalThreading.m in Sources */,
				2B58A84F1A760BA5000DD1A8 /* PlaylistsViewController.m in Sources */,
				2B58A81B1A760B70000DD1A8 /* NSEntityDescription+MagicalDataImport.m in Sources */,
				2B58A8321A760B70000DD1A8 /* MagicalRecord.m in Sources */,
				2B58A7B51A760B61000DD1A8 /* NIButtonUtilities.m in Sources */,
				2B58A7CB1A760B61000DD1A8 /* NICellCatalog.m in Sources */,
				2B58A7CF1A760B61000DD1A8 /* NIRadioGroup.m in Sources */,
				2B58A7BE1A760B61000DD1A8 /* NINavigationAppearance.m in Sources */,
				2B58A81C1A760B70000DD1A8 /* NSNumber+MagicalDataImport.m in Sources */,
				2B58A8201A760B70000DD1A8 /* NSManagedObject+MagicalAggregation.m in Sources */,
				2B58A8301A760B70000DD1A8 /* MagicalRecord+Setup.m in Sources */,
				2B58A8311A760B70000DD1A8 /* MagicalRecord+ShorthandSupport.m in Sources */,
				2B58A84D1A760BA5000DD1A8 /* YoutubeAPICommunicator.m in Sources */,
				2B58A7BA1A760B61000DD1A8 /* NIError.m in Sources */,
				2B58A8211A760B70000DD1A8 /* NSManagedObject+MagicalDataImport.m in Sources */,
				2B58A8501A760BA5000DD1A8 /* VideoListViewController.m in Sources */,
				2B58A7C01A760B61000DD1A8 /* NINonEmptyCollectionTesting.m in Sources */,
				2B58A7C81A760B61000DD1A8 /* NIViewRecycler.m in Sources */,
				2B58A82A1A760B70000DD1A8 /* NSPersistentStore+MagicalRecord.m in Sources */,
				2B58A8241A760B70000DD1A8 /* NSManagedObject+MagicalRequests.m in Sources */,
				2B58A7B41A760B61000DD1A8 /* NIActions.m in Sources */,
				2B58A82B1A760B70000DD1A8 /* NSPersistentStoreCoordinator+MagicalRecord.m in Sources */,
				2B58A8531A760BA5000DD1A8 /* Playlist.m in Sources */,
				2B58A7C21A760B61000DD1A8 /* NIOperations.m in Sources */,
				2B58A7C51A760B61000DD1A8 /* NISDKAvailability.m in Sources */,
				2B58A81E1A760B70000DD1A8 /* NSRelationshipDescription+MagicalDataImport.m in Sources */,
				2B58A81F1A760B70000DD1A8 /* NSString+MagicalDataImport.m in Sources */,
				2B58A7B81A760B61000DD1A8 /* NIDebuggingTools.m in Sources */,
				2B58A8251A760B70000DD1A8 /* NSManagedObjectContext+MagicalObserving.m in Sources */,
				2B58A7C71A760B61000DD1A8 /* NIState.m in Sources */,
				2B58A7D11A760B61000DD1A8 /* NITableViewActions.m in Sources */,
				2B58A82E1A760B70000DD1A8 /* MagicalRecord+iCloud.m in Sources */,
				2B58A8261A760B70000DD1A8 /* NSManagedObjectContext+MagicalRecord.m in Sources */,
				2B58A7CE1A760B61000DD1A8 /* NIMutableTableViewModel.m in Sources */,
				2B58A7CC1A760B61000DD1A8 /* NICellFactory.m in Sources */,
				2B58A82F1A760B70000DD1A8 /* MagicalRecord+Options.m in Sources */,
				2B58A7BC1A760B61000DD1A8 /* NIImageUtilities.m in Sources */,
				2B58A7DA1A760B66000DD1A8 /* YTPlayerView.m in Sources */,
				2B58A7D01A760B61000DD1A8 /* NIRadioGroupController.m in Sources */,
				2B58A8291A760B70000DD1A8 /* NSManagedObjectModel+MagicalRecord.m in Sources */,
				2B58A7B61A760B61000DD1A8 /* NICommonMetrics.m in Sources */,
				2B58A7CD1A760B61000DD1A8 /* NIFormCellCatalog.m in Sources */,
				2B58A8511A760BA5000DD1A8 /* VideoViewController.m in Sources */,
				2B58A8191A760B70000DD1A8 /* MagicalImportFunctions.m in Sources */,
				2B58A7B71A760B61000DD1A8 /* NIDataStructures.m in Sources */,
				2B58A2141A7600E2000DD1A8 /* main.m in Sources */,
				2B58A7D21A760B61000DD1A8 /* NITableViewModel.m in Sources */,
				2B58A7BB1A760B61000DD1A8 /* NIFoundationMethods.m in Sources */,
			);
			runOnlyForDeploymentPostprocessing = 0;
		};
		2B58A2231A7600E2000DD1A8 /* Sources */ = {
			isa = PBXSourcesBuildPhase;
			buildActionMask = 2147483647;
			files = (
				2B58A22E1A7600E2000DD1A8 /* DhammaTubeTests.m in Sources */,
			);
			runOnlyForDeploymentPostprocessing = 0;
		};
/* End PBXSourcesBuildPhase section */

/* Begin PBXTargetDependency section */
		2B58A2291A7600E2000DD1A8 /* PBXTargetDependency */ = {
			isa = PBXTargetDependency;
			target = 2B58A20D1A7600E2000DD1A8 /* DhammaTube */;
			targetProxy = 2B58A2281A7600E2000DD1A8 /* PBXContainerItemProxy */;
		};
/* End PBXTargetDependency section */

/* Begin PBXVariantGroup section */
		2B58A21B1A7600E2000DD1A8 /* Main.storyboard */ = {
			isa = PBXVariantGroup;
			children = (
				2B58A21C1A7600E2000DD1A8 /* Base */,
			);
			name = Main.storyboard;
			sourceTree = "<group>";
		};
		2B58A2201A7600E2000DD1A8 /* LaunchScreen.xib */ = {
			isa = PBXVariantGroup;
			children = (
				2B58A2211A7600E2000DD1A8 /* Base */,
			);
			name = LaunchScreen.xib;
			sourceTree = "<group>";
		};
/* End PBXVariantGroup section */

/* Begin XCBuildConfiguration section */
		2B58A22F1A7600E2000DD1A8 /* Debug */ = {
			isa = XCBuildConfiguration;
			buildSettings = {
				ALWAYS_SEARCH_USER_PATHS = NO;
				CLANG_CXX_LANGUAGE_STANDARD = "gnu++0x";
				CLANG_CXX_LIBRARY = "libc++";
				CLANG_ENABLE_MODULES = YES;
				CLANG_ENABLE_OBJC_ARC = YES;
				CLANG_WARN_BOOL_CONVERSION = YES;
				CLANG_WARN_CONSTANT_CONVERSION = YES;
				CLANG_WARN_DIRECT_OBJC_ISA_USAGE = YES_ERROR;
				CLANG_WARN_EMPTY_BODY = YES;
				CLANG_WARN_ENUM_CONVERSION = YES;
				CLANG_WARN_INT_CONVERSION = YES;
				CLANG_WARN_OBJC_ROOT_CLASS = YES_ERROR;
				CLANG_WARN_UNREACHABLE_CODE = YES;
				CLANG_WARN__DUPLICATE_METHOD_MATCH = YES;
				"CODE_SIGN_IDENTITY[sdk=iphoneos*]" = "iPhone Developer";
				COPY_PHASE_STRIP = NO;
				ENABLE_STRICT_OBJC_MSGSEND = YES;
				GCC_C_LANGUAGE_STANDARD = gnu99;
				GCC_DYNAMIC_NO_PIC = NO;
				GCC_OPTIMIZATION_LEVEL = 0;
				GCC_PREPROCESSOR_DEFINITIONS = (
					"DEBUG=1",
					"$(inherited)",
				);
				GCC_SYMBOLS_PRIVATE_EXTERN = NO;
				GCC_WARN_64_TO_32_BIT_CONVERSION = YES;
				GCC_WARN_ABOUT_RETURN_TYPE = YES_ERROR;
				GCC_WARN_UNDECLARED_SELECTOR = YES;
				GCC_WARN_UNINITIALIZED_AUTOS = YES_AGGRESSIVE;
				GCC_WARN_UNUSED_FUNCTION = YES;
				GCC_WARN_UNUSED_VARIABLE = YES;
				IPHONEOS_DEPLOYMENT_TARGET = 8.1;
				MTL_ENABLE_DEBUG_INFO = YES;
				ONLY_ACTIVE_ARCH = YES;
				SDKROOT = iphoneos;
				TARGETED_DEVICE_FAMILY = 2;
			};
			name = Debug;
		};
		2B58A2301A7600E2000DD1A8 /* Release */ = {
			isa = XCBuildConfiguration;
			buildSettings = {
				ALWAYS_SEARCH_USER_PATHS = NO;
				CLANG_CXX_LANGUAGE_STANDARD = "gnu++0x";
				CLANG_CXX_LIBRARY = "libc++";
				CLANG_ENABLE_MODULES = YES;
				CLANG_ENABLE_OBJC_ARC = YES;
				CLANG_WARN_BOOL_CONVERSION = YES;
				CLANG_WARN_CONSTANT_CONVERSION = YES;
				CLANG_WARN_DIRECT_OBJC_ISA_USAGE = YES_ERROR;
				CLANG_WARN_EMPTY_BODY = YES;
				CLANG_WARN_ENUM_CONVERSION = YES;
				CLANG_WARN_INT_CONVERSION = YES;
				CLANG_WARN_OBJC_ROOT_CLASS = YES_ERROR;
				CLANG_WARN_UNREACHABLE_CODE = YES;
				CLANG_WARN__DUPLICATE_METHOD_MATCH = YES;
				"CODE_SIGN_IDENTITY[sdk=iphoneos*]" = "iPhone Developer";
				COPY_PHASE_STRIP = YES;
				ENABLE_NS_ASSERTIONS = NO;
				ENABLE_STRICT_OBJC_MSGSEND = YES;
				GCC_C_LANGUAGE_STANDARD = gnu99;
				GCC_WARN_64_TO_32_BIT_CONVERSION = YES;
				GCC_WARN_ABOUT_RETURN_TYPE = YES_ERROR;
				GCC_WARN_UNDECLARED_SELECTOR = YES;
				GCC_WARN_UNINITIALIZED_AUTOS = YES_AGGRESSIVE;
				GCC_WARN_UNUSED_FUNCTION = YES;
				GCC_WARN_UNUSED_VARIABLE = YES;
				IPHONEOS_DEPLOYMENT_TARGET = 8.1;
				MTL_ENABLE_DEBUG_INFO = NO;
				SDKROOT = iphoneos;
				TARGETED_DEVICE_FAMILY = 2;
				VALIDATE_PRODUCT = YES;
			};
			name = Release;
		};
		2B58A2321A7600E2000DD1A8 /* Debug */ = {
			isa = XCBuildConfiguration;
			buildSettings = {
				ASSETCATALOG_COMPILER_APPICON_NAME = AppIcon;
				GCC_PREFIX_HEADER = "DhammaTube/DhammaTube-Prefix.pch";
				INFOPLIST_FILE = DhammaTube/Info.plist;
				LD_RUNPATH_SEARCH_PATHS = "$(inherited) @executable_path/Frameworks";
				OTHER_LDFLAGS = "-ObjC";
				PRODUCT_NAME = "$(TARGET_NAME)";
			};
			name = Debug;
		};
		2B58A2331A7600E2000DD1A8 /* Release */ = {
			isa = XCBuildConfiguration;
			buildSettings = {
				ASSETCATALOG_COMPILER_APPICON_NAME = AppIcon;
				GCC_PREFIX_HEADER = "DhammaTube/DhammaTube-Prefix.pch";
				INFOPLIST_FILE = DhammaTube/Info.plist;
				LD_RUNPATH_SEARCH_PATHS = "$(inherited) @executable_path/Frameworks";
				OTHER_LDFLAGS = "-ObjC";
				PRODUCT_NAME = "$(TARGET_NAME)";
			};
			name = Release;
		};
		2B58A2351A7600E2000DD1A8 /* Debug */ = {
			isa = XCBuildConfiguration;
			buildSettings = {
				BUNDLE_LOADER = "$(TEST_HOST)";
				FRAMEWORK_SEARCH_PATHS = (
					"$(SDKROOT)/Developer/Library/Frameworks",
					"$(inherited)",
				);
				GCC_PREPROCESSOR_DEFINITIONS = (
					"DEBUG=1",
					"$(inherited)",
				);
				INFOPLIST_FILE = DhammaTubeTests/Info.plist;
				LD_RUNPATH_SEARCH_PATHS = "$(inherited) @executable_path/Frameworks @loader_path/Frameworks";
				PRODUCT_NAME = "$(TARGET_NAME)";
				TEST_HOST = "$(BUILT_PRODUCTS_DIR)/DhammaTube.app/DhammaTube";
			};
			name = Debug;
		};
		2B58A2361A7600E2000DD1A8 /* Release */ = {
			isa = XCBuildConfiguration;
			buildSettings = {
				BUNDLE_LOADER = "$(TEST_HOST)";
				FRAMEWORK_SEARCH_PATHS = (
					"$(SDKROOT)/Developer/Library/Frameworks",
					"$(inherited)",
				);
				INFOPLIST_FILE = DhammaTubeTests/Info.plist;
				LD_RUNPATH_SEARCH_PATHS = "$(inherited) @executable_path/Frameworks @loader_path/Frameworks";
				PRODUCT_NAME = "$(TARGET_NAME)";
				TEST_HOST = "$(BUILT_PRODUCTS_DIR)/DhammaTube.app/DhammaTube";
			};
			name = Release;
		};
/* End XCBuildConfiguration section */

/* Begin XCConfigurationList section */
		2B58A2091A7600E2000DD1A8 /* Build configuration list for PBXProject "DhammaTube" */ = {
			isa = XCConfigurationList;
			buildConfigurations = (
				2B58A22F1A7600E2000DD1A8 /* Debug */,
				2B58A2301A7600E2000DD1A8 /* Release */,
			);
			defaultConfigurationIsVisible = 0;
			defaultConfigurationName = Release;
		};
		2B58A2311A7600E2000DD1A8 /* Build configuration list for PBXNativeTarget "DhammaTube" */ = {
			isa = XCConfigurationList;
			buildConfigurations = (
				2B58A2321A7600E2000DD1A8 /* Debug */,
				2B58A2331A7600E2000DD1A8 /* Release */,
			);
			defaultConfigurationIsVisible = 0;
			defaultConfigurationName = Release;
		};
		2B58A2341A7600E2000DD1A8 /* Build configuration list for PBXNativeTarget "DhammaTubeTests" */ = {
			isa = XCConfigurationList;
			buildConfigurations = (
				2B58A2351A7600E2000DD1A8 /* Debug */,
				2B58A2361A7600E2000DD1A8 /* Release */,
			);
			defaultConfigurationIsVisible = 0;
			defaultConfigurationName = Release;
		};
/* End XCConfigurationList section */

/* Begin XCVersionGroup section */
		2B58A8441A760BA5000DD1A8 /* DhammadipaYoutube.xcdatamodeld */ = {
			isa = XCVersionGroup;
			children = (
				2B58A8431A760BA5000DD1A8 /* DhammadipaYoutube.xcdatamodel */,
			);
			currentVersion = 2B58A8431A760BA5000DD1A8 /* DhammadipaYoutube.xcdatamodel */;
			path = DhammadipaYoutube.xcdatamodeld;
			sourceTree = "<group>";
		};
/* End XCVersionGroup section */
	};
	rootObject = 2B58A2061A7600E2000DD1A8 /* Project object */;
}
